// !$*UTF8*$!
{
	archiveVersion = 1;
	classes = {
	};
	objectVersion = 46;
	objects = {
		2B9547609A7E0E1FAA11B42C = {
			isa = PBXBuildFile;
			fileRef = CFEC6DEE09E57F43C2F579C4;
		};
		FDD4C4990FB7C3C48554889F = {
			isa = PBXBuildFile;
			fileRef = A26C5E071026439027F431C7;
		};
		8DFFCF853C4FE46498A64D8B = {
			isa = PBXBuildFile;
			fileRef = 9122FE4A99D84F066192DD41;
		};
		477673C604E83DEEDF16904B = {
			isa = PBXBuildFile;
			fileRef = 9E1149363F56BF836B7C42EE;
		};
		A9487953610D06F8EEF6AC42 = {
			isa = PBXBuildFile;
			fileRef = D1EA2EB044E156CE7EF7F524;
		};
		9A79EE0208F4DFE5606ACC96 = {
			isa = PBXBuildFile;
			fileRef = ABA72734F01E2E35EBD6A907;
		};
		BEFBAEDBDA774263B0040CEC = {
			isa = PBXBuildFile;
			fileRef = D9D1FE24B4AAB528FAF3EA9E;
		};
		7172A99DEC5062D59F34E2E8 = {
			isa = PBXBuildFile;
			fileRef = 5151BDDD1EA620525996FA63;
		};
		DEACD50E3CA2E0FBCB4B9077 = {
			isa = PBXBuildFile;
			fileRef = 01E8402FA9BD5B5C779AAC40;
		};
		0F37A016D502D08FA888EBFE = {
			isa = PBXBuildFile;
			fileRef = AB9FC431DDC50E3C6D3CC37F;
		};
		21AB32874CA0B48C1D123853 = {
			isa = PBXBuildFile;
			fileRef = 584DA6AD0307EB028A4C10B1;
		};
		FF4E5670CDC69FE4C687BA35 = {
			isa = PBXBuildFile;
			fileRef = 706CC22B9A7E20C866ACBF01;
		};
		E8CEDD29ACC8BF469269C00B = {
			isa = PBXBuildFile;
			fileRef = 21AAF12FC18F4E1DDA7E1733;
		};
		9CEEEB7C97B3AC25C4D305EF = {
			isa = PBXBuildFile;
			fileRef = A512BDFF19DFDE7F8198A23C;
		};
		53B5C904CD4A991C7FCDCD3A = {
			isa = PBXBuildFile;
			fileRef = D09D149D2449EC5164654488;
		};
		88522B1EB71DC8D03AAEB9D9 = {
			isa = PBXBuildFile;
			fileRef = 4A052E28B0E0F73A86CBFED6;
		};
		11EF7E97B8420D0AD5BFB54D = {
			isa = PBXBuildFile;
			fileRef = 45B54F74281B37C1B44F9AA9;
		};
		5A35316CE5ED88980D3C5A21 = {
			isa = PBXBuildFile;
			fileRef = 874FF1DCAD1F0284F723C73F;
		};
		D0510717629E73CF2A5EC1C6 = {
			isa = PBXBuildFile;
			fileRef = B42C45FC4541210D3A44D8F6;
		};
		6F75D702D1FFF9CCD9B3D6CF = {
			isa = PBXBuildFile;
			fileRef = 2F5DB86B0799283A0AF4C6F9;
		};
		587F904ED2596310A790987D = {
			isa = PBXBuildFile;
			fileRef = 7B8A7D7095C6E2F344492A7A;
		};
		DB6210FBD213FDA7882FF275 = {
			isa = PBXBuildFile;
			fileRef = 07C8BE89517C30B2638BFCF4;
		};
		72D00FE7A2386D4B953E645E = {
			isa = PBXBuildFile;
			fileRef = E45305262456D3734A29B9E3;
		};
		CB3DD563E9A6BB8934C50444 = {
			isa = PBXBuildFile;
			fileRef = 738146A9975F5EB727418C93;
		};
		FE8E8F66C88A83E24F23994E = {
			isa = PBXBuildFile;
			fileRef = BDDF4E9AF0D61C57855E217F;
		};
		A57A6AB0D41538BBD31886BA = {
			isa = PBXBuildFile;
			fileRef = A08D783DB80349AB017B70A1;
		};
		818BAAD29A41F9B0489E27D6 = {
			isa = PBXBuildFile;
			fileRef = BCE073F50A3DF7D944AEEA24;
		};
		C35D10819F8A13BA893494D7 = {
			isa = PBXBuildFile;
			fileRef = E3D3CDD7C5579CBE0A2EF815;
		};
		F5E7DD9730E5B1F7E5BE7326 = {
			isa = PBXBuildFile;
			fileRef = 5F8FEAD94C84ED7530F2803F;
		};
		3F9474727D79338FE7F7BF76 = {
			isa = PBXBuildFile;
			fileRef = DDCDF0E2E719F689110AFAA2;
		};
		E06CB69DD96B8BCFFF47F1EC = {
			isa = PBXBuildFile;
			fileRef = 6BC01C63F0457E80A40026A9;
		};
		33BE692E89C581B74A03DD88 = {
			isa = PBXBuildFile;
			fileRef = AF7728ED5B4013970D766478;
		};
		189484EBD2AEF7C6C33CB4BE = {
			isa = PBXBuildFile;
			fileRef = 3B04A6DF1A10250FAFA5E5C3;
		};
		E42FEBB8480BBF0D25A98128 = {
			isa = PBXBuildFile;
			fileRef = 8C3874813A185A8D69495992;
		};
		BFE6AA130B8168B3368699B3 = {
			isa = PBXBuildFile;
			fileRef = DFF0E11017F673B90F5F57BB;
		};
		AED5DD911EC68A7E35CB862B = {
			isa = PBXBuildFile;
			fileRef = F7B2B692446E47E35E4C7C6F;
		};
		048CFFDF173C6D8A64C29524 = {
			isa = PBXBuildFile;
			fileRef = B42B7B589206EF3D1CBFD1A1;
		};
		F6021862A836955DF52DCDD8 = {
			isa = PBXBuildFile;
			fileRef = 0B065E55DE73A67A549CB0CA;
		};
		740CF07E487AE86241C572DC = {
			isa = PBXBuildFile;
			fileRef = 18FB3C39CB0191AD7F7CD724;
		};
		0B8C48D040D3F917544174C2 = {
			isa = PBXBuildFile;
			fileRef = 79D74FF0DA5D62B59DBCEE50;
		};
		3BB290FE9271375926404E9E = {
			isa = PBXBuildFile;
			fileRef = 01FCC77329B80198A3AD5CF8;
		};
		195F65B03DF2F326CD26A023 = {
			isa = PBXBuildFile;
			fileRef = 307AC6EE8A76D01D9152C54A;
		};
		2364D695640A353985C1C2A1 = {
			isa = PBXBuildFile;
			fileRef = 192D83C1ED656948983741BE;
		};
		B16390DC80DCB2B449CBB0A4 = {
			isa = PBXBuildFile;
			fileRef = 52759CFA88AF09307040482B;
		};
		BD7B0BCA5D0712FB747A8765 = {
			isa = PBXBuildFile;
			fileRef = 773F46DFE32C0031CE531D60;
		};
		968FF76398A0C5F283E7C3E5 = {
			isa = PBXBuildFile;
			fileRef = C026F989D4760122A6008274;
		};
		E53C44124259DE18EFCD54FC = {
			isa = PBXBuildFile;
			fileRef = 19983940B690367BE251860C;
		};
		B7EF5E76B1FA39EB88BDA787 = {
			isa = PBXBuildFile;
			fileRef = 63BD3E7ECDC131482D80AF13;
		};
		A31C13DFA5DBB9237699C8F2 = {
			isa = PBXBuildFile;
			fileRef = 449BBED2DEEF9FB646E8322B;
		};
		E6CE105B6FB3A05F5BCB9341 = {
			isa = PBXBuildFile;
			fileRef = 3B2A1CB1C61FF3D7BB1002AC;
		};
		969030802EB2870F54BF60EF = {
			isa = PBXBuildFile;
			fileRef = FAD43CCA7925115D7655D05D;
		};
		CF910FBFB4227A029B5938A6 = {
			isa = PBXBuildFile;
			fileRef = D9EC1C8E7C155E82141FD5EE;
		};
		0162015E97696802F52873CE = {
			isa = PBXFileReference;
			lastKnownFileType = file;
			name = "juce_audio_utils";
			path = "/Users/chasekanipe/Files/JUCE/modules/juce_audio_utils";
			sourceTree = "<absolute>";
		};
		01E8402FA9BD5B5C779AAC40 = {
			isa = PBXFileReference;
			lastKnownFileType = wrapper.framework;
			name = Cocoa.framework;
			path = System/Library/Frameworks/Cocoa.framework;
			sourceTree = SDKROOT;
		};
		01FCC77329B80198A3AD5CF8 = {
			isa = PBXFileReference;
			lastKnownFileType = sourcecode.cpp.cpp;
			name = "include_juce_audio_plugin_client_Standalone.cpp";
			path = "../../JuceLibraryCode/include_juce_audio_plugin_client_Standalone.cpp";
			sourceTree = "SOURCE_ROOT";
		};
		07C8BE89517C30B2638BFCF4 = {
			isa = PBXFileReference;
			lastKnownFileType = sourcecode.cpp.cpp;
			name = PatchingView.cpp;
			path = ../../Source/PatchingView.cpp;
			sourceTree = "SOURCE_ROOT";
		};
		0B065E55DE73A67A549CB0CA = {
			isa = PBXFileReference;
			lastKnownFileType = file.r;
			name = "include_juce_audio_plugin_client_AU.r";
			path = "../../JuceLibraryCode/include_juce_audio_plugin_client_AU.r";
			sourceTree = "SOURCE_ROOT";
		};
		0B42AC9B1E26BFAACA370BCB = {
			isa = PBXFileReference;
			lastKnownFileType = image.png;
			name = utils.png;
			path = ../../../images/utils.png;
			sourceTree = "SOURCE_ROOT";
		};
		0D517878FF4C40383F57021E = {
			isa = PBXFileReference;
			lastKnownFileType = text.plist.xml;
			name = "Info-AU.plist";
			path = "Info-AU.plist";
			sourceTree = "SOURCE_ROOT";
		};
		18FB3C39CB0191AD7F7CD724 = {
			isa = PBXFileReference;
			lastKnownFileType = sourcecode.cpp.objcpp;
			name = "include_juce_audio_plugin_client_AU_1.mm";
			path = "../../JuceLibraryCode/include_juce_audio_plugin_client_AU_1.mm";
			sourceTree = "SOURCE_ROOT";
		};
		192D83C1ED656948983741BE = {
			isa = PBXFileReference;
			lastKnownFileType = sourcecode.cpp.objcpp;
			name = "include_juce_audio_plugin_client_VST_utils.mm";
			path = "../../JuceLibraryCode/include_juce_audio_plugin_client_VST_utils.mm";
			sourceTree = "SOURCE_ROOT";
		};
		19983940B690367BE251860C = {
			isa = PBXFileReference;
			lastKnownFileType = sourcecode.cpp.objcpp;
			name = "include_juce_core.mm";
			path = "../../JuceLibraryCode/include_juce_core.mm";
			sourceTree = "SOURCE_ROOT";
		};
		1D82D8143C13F46879D1FD7F = {
			isa = PBXFileReference;
			lastKnownFileType = file;
			name = "juce_audio_plugin_client";
			path = "/Users/chasekanipe/Files/JUCE/modules/juce_audio_plugin_client";
			sourceTree = "<absolute>";
		};
		21AAF12FC18F4E1DDA7E1733 = {
			isa = PBXFileReference;
			lastKnownFileType = wrapper.framework;
			name = DiscRecording.framework;
			path = System/Library/Frameworks/DiscRecording.framework;
			sourceTree = SDKROOT;
		};
		223F3DDAAAA6A6822630A8AA = {
			isa = PBXFileReference;
			lastKnownFileType = file;
			name = "juce_audio_basics";
			path = "/Users/chasekanipe/Files/JUCE/modules/juce_audio_basics";
			sourceTree = "<absolute>";
		};
		2668AD329FD69DC5893352A0 = {
			isa = PBXFileReference;
			lastKnownFileType = sourcecode.c.h;
			name = PatchingView.h;
			path = ../../Source/PatchingView.h;
			sourceTree = "SOURCE_ROOT";
		};
		28DF937CFB6BF69CDF8E0B22 = {
			isa = PBXFileReference;
			lastKnownFileType = file;
			name = "juce_core";
			path = "/Users/chasekanipe/Files/JUCE/modules/juce_core";
			sourceTree = "<absolute>";
		};
		2F5DB86B0799283A0AF4C6F9 = {
			isa = PBXFileReference;
			lastKnownFileType = sourcecode.cpp.cpp;
			name = MainView.cpp;
			path = ../../Source/MainView.cpp;
			sourceTree = "SOURCE_ROOT";
		};
		307AC6EE8A76D01D9152C54A = {
			isa = PBXFileReference;
			lastKnownFileType = sourcecode.cpp.cpp;
			name = "include_juce_audio_plugin_client_utils.cpp";
			path = "../../JuceLibraryCode/include_juce_audio_plugin_client_utils.cpp";
			sourceTree = "SOURCE_ROOT";
		};
		31176680DC751BA1C3E0EC1E = {
			isa = PBXFileReference;
			lastKnownFileType = sourcecode.c.h;
			name = PluginProcessor.h;
			path = ../../Source/PluginProcessor.h;
			sourceTree = "SOURCE_ROOT";
		};
		3202265028C5C1C7C2DF41AE = {
			isa = PBXFileReference;
			lastKnownFileType = sourcecode.c.h;
			name = ModularView.h;
			path = ../../Source/ModularView.h;
			sourceTree = "SOURCE_ROOT";
		};
		324D6A0D145936E7A369957C = {
			isa = PBXFileReference;
			lastKnownFileType = sourcecode.c.h;
			name = PluginEditor.h;
			path = ../../Source/PluginEditor.h;
			sourceTree = "SOURCE_ROOT";
		};
		3B04A6DF1A10250FAFA5E5C3 = {
			isa = PBXFileReference;
			lastKnownFileType = sourcecode.cpp.cpp;
			name = PluginEditor.cpp;
			path = ../../Source/PluginEditor.cpp;
			sourceTree = "SOURCE_ROOT";
		};
		3B2A1CB1C61FF3D7BB1002AC = {
			isa = PBXFileReference;
			lastKnownFileType = sourcecode.cpp.objcpp;
			name = "include_juce_graphics.mm";
			path = "../../JuceLibraryCode/include_juce_graphics.mm";
			sourceTree = "SOURCE_ROOT";
		};
		3D18EF01F054F03D16372482 = {
			isa = PBXFileReference;
			lastKnownFileType = file;
			name = "juce_audio_formats";
			path = "/Users/chasekanipe/Files/JUCE/modules/juce_audio_formats";
			sourceTree = "<absolute>";
		};
		449BBED2DEEF9FB646E8322B = {
			isa = PBXFileReference;
			lastKnownFileType = sourcecode.cpp.objcpp;
			name = "include_juce_events.mm";
			path = "../../JuceLibraryCode/include_juce_events.mm";
			sourceTree = "SOURCE_ROOT";
		};
		453EB44161EC31E3356120C9 = {
			isa = PBXFileReference;
			lastKnownFileType = sourcecode.c.h;
			name = ModuleDraggable.h;
			path = ../../Source/ModuleDraggable.h;
			sourceTree = "SOURCE_ROOT";
		};
		45B54F74281B37C1B44F9AA9 = {
			isa = PBXFileReference;
			lastKnownFileType = wrapper.framework;
			name = WebKit.framework;
			path = System/Library/Frameworks/WebKit.framework;
			sourceTree = SDKROOT;
		};
		4A052E28B0E0F73A86CBFED6 = {
			isa = PBXFileReference;
			lastKnownFileType = wrapper.framework;
			name = QuartzCore.framework;
			path = System/Library/Frameworks/QuartzCore.framework;
			sourceTree = SDKROOT;
		};
		511997D4EB44084499676659 = {
			isa = PBXFileReference;
			lastKnownFileType = sourcecode.c.h;
			name = JuceHeader.h;
			path = ../../JuceLibraryCode/JuceHeader.h;
			sourceTree = "SOURCE_ROOT";
		};
		5151BDDD1EA620525996FA63 = {
			isa = PBXFileReference;
			lastKnownFileType = wrapper.framework;
			name = Carbon.framework;
			path = System/Library/Frameworks/Carbon.framework;
			sourceTree = SDKROOT;
		};
		52759CFA88AF09307040482B = {
			isa = PBXFileReference;
			lastKnownFileType = sourcecode.cpp.cpp;
			name = "include_juce_audio_plugin_client_VST3.cpp";
			path = "../../JuceLibraryCode/include_juce_audio_plugin_client_VST3.cpp";
			sourceTree = "SOURCE_ROOT";
		};
		584DA6AD0307EB028A4C10B1 = {
			isa = PBXFileReference;
			lastKnownFileType = wrapper.framework;
			name = CoreAudioKit.framework;
			path = System/Library/Frameworks/CoreAudioKit.framework;
			sourceTree = SDKROOT;
		};
		599B245531F26D5BBD58FBF7 = {
			isa = PBXFileReference;
			lastKnownFileType = image.png;
			name = midi.png;
			path = ../../../images/midi.png;
			sourceTree = "SOURCE_ROOT";
		};
		5CCBBBCF004FBC622F9DCA88 = {
			isa = PBXFileReference;
			lastKnownFileType = file;
			name = "juce_audio_devices";
			path = "/Users/chasekanipe/Files/JUCE/modules/juce_audio_devices";
			sourceTree = "<absolute>";
		};
		5F8FEAD94C84ED7530F2803F = {
			isa = PBXFileReference;
			lastKnownFileType = sourcecode.cpp.cpp;
			name = TestAudioEffect.cpp;
			path = ../../Source/TestAudioEffect.cpp;
			sourceTree = "SOURCE_ROOT";
		};
		63BD3E7ECDC131482D80AF13 = {
			isa = PBXFileReference;
			lastKnownFileType = sourcecode.cpp.objcpp;
			name = "include_juce_data_structures.mm";
			path = "../../JuceLibraryCode/include_juce_data_structures.mm";
			sourceTree = "SOURCE_ROOT";
		};
		67BF735FD65BBB9CC60E4843 = {
			isa = PBXFileReference;
			lastKnownFileType = sourcecode.c.h;
			name = Module.h;
			path = ../../Source/Module.h;
			sourceTree = "SOURCE_ROOT";
		};
		6A162DA3D0B704CA5F2263E1 = {
			isa = PBXFileReference;
			lastKnownFileType = sourcecode.c.h;
			name = UtilitiesView.h;
			path = ../../Source/UtilitiesView.h;
			sourceTree = "SOURCE_ROOT";
		};
		6BC01C63F0457E80A40026A9 = {
			isa = PBXFileReference;
			lastKnownFileType = sourcecode.cpp.cpp;
			name = TestMidiEffect.cpp;
			path = ../../Source/TestMidiEffect.cpp;
			sourceTree = "SOURCE_ROOT";
		};
		706CC22B9A7E20C866ACBF01 = {
			isa = PBXFileReference;
			lastKnownFileType = wrapper.framework;
			name = CoreMIDI.framework;
			path = System/Library/Frameworks/CoreMIDI.framework;
			sourceTree = SDKROOT;
		};
		738146A9975F5EB727418C93 = {
			isa = PBXFileReference;
			lastKnownFileType = sourcecode.cpp.cpp;
			name = ModularView.cpp;
			path = ../../Source/ModularView.cpp;
			sourceTree = "SOURCE_ROOT";
		};
		773F46DFE32C0031CE531D60 = {
			isa = PBXFileReference;
			lastKnownFileType = sourcecode.cpp.objcpp;
			name = "include_juce_audio_processors.mm";
			path = "../../JuceLibraryCode/include_juce_audio_processors.mm";
			sourceTree = "SOURCE_ROOT";
		};
		79D74FF0DA5D62B59DBCEE50 = {
			isa = PBXFileReference;
			lastKnownFileType = sourcecode.cpp.objcpp;
			name = "include_juce_audio_plugin_client_AU_2.mm";
			path = "../../JuceLibraryCode/include_juce_audio_plugin_client_AU_2.mm";
			sourceTree = "SOURCE_ROOT";
		};
		7B8A7D7095C6E2F344492A7A = {
			isa = PBXFileReference;
			lastKnownFileType = sourcecode.cpp.cpp;
			name = ModuleDraggable.cpp;
			path = ../../Source/ModuleDraggable.cpp;
			sourceTree = "SOURCE_ROOT";
		};
		7E4090E51C59D8B8508D5009 = {
			isa = PBXFileReference;
			lastKnownFileType = sourcecode.c.h;
			name = JucePluginDefines.h;
			path = ../../JuceLibraryCode/JucePluginDefines.h;
			sourceTree = "SOURCE_ROOT";
		};
		7E4FA25D70C66C2464FCAE33 = {
			isa = PBXFileReference;
			lastKnownFileType = image.png;
			name = script.png;
			path = ../../../images/script.png;
			sourceTree = "SOURCE_ROOT";
		};
		7FFF16F799D9FCEA21AFAD3E = {
			isa = PBXFileReference;
			lastKnownFileType = sourcecode.c.h;
			name = MainView.h;
			path = ../../Source/MainView.h;
			sourceTree = "SOURCE_ROOT";
		};
		82F12900AEB5E0AB1681C4FD = {
			isa = PBXFileReference;
			lastKnownFileType = sourcecode.c.h;
			name = ModulesListView.h;
			path = ../../Source/ModulesListView.h;
			sourceTree = "SOURCE_ROOT";
		};
		86B1B867854784BE02382A25 = {
			isa = PBXFileReference;
			lastKnownFileType = image.png;
			name = waveform.png;
			path = ../../../images/waveform.png;
			sourceTree = "SOURCE_ROOT";
		};
		874FF1DCAD1F0284F723C73F = {
			isa = PBXFileReference;
			lastKnownFileType = file.nib;
			name = RecentFilesMenuTemplate.nib;
			path = RecentFilesMenuTemplate.nib;
			sourceTree = "SOURCE_ROOT";
		};
		88D5D2A258FF9CC1FC0DA9C0 = {
			isa = PBXFileReference;
			lastKnownFileType = text.plist.xml;
			name = "Info-Standalone_Plugin.plist";
			path = "Info-Standalone_Plugin.plist";
			sourceTree = "SOURCE_ROOT";
		};
		8C3874813A185A8D69495992 = {
			isa = PBXFileReference;
			lastKnownFileType = sourcecode.cpp.cpp;
			name = BinaryData.cpp;
			path = ../../JuceLibraryCode/BinaryData.cpp;
			sourceTree = "SOURCE_ROOT";
		};
		8E4D1838B7A9141F30239B84 = {
			isa = PBXFileReference;
			lastKnownFileType = image.png;
			name = files.png;
			path = ../../../images/files.png;
			sourceTree = "SOURCE_ROOT";
		};
		91E12567171087566EF55ED8 = {
			isa = PBXFileReference;
			lastKnownFileType = sourcecode.c.h;
			name = BottomBar.h;
			path = ../../Source/BottomBar.h;
			sourceTree = "SOURCE_ROOT";
		};
		A08D783DB80349AB017B70A1 = {
			isa = PBXFileReference;
			lastKnownFileType = sourcecode.cpp.cpp;
			name = TopBar.cpp;
			path = ../../Source/TopBar.cpp;
			sourceTree = "SOURCE_ROOT";
		};
		A1E8DEEAFAB486B81A5AC05A = {
			isa = PBXFileReference;
			lastKnownFileType = file;
			name = "juce_gui_extra";
			path = "/Users/chasekanipe/Files/JUCE/modules/juce_gui_extra";
			sourceTree = "<absolute>";
		};
		A27BC9A89D59EACEC56F2266 = {
			isa = PBXFileReference;
			lastKnownFileType = file;
			name = "juce_audio_processors";
			path = "/Users/chasekanipe/Files/JUCE/modules/juce_audio_processors";
			sourceTree = "<absolute>";
		};
		B42C45FC4541210D3A44D8F6 = {
			isa = PBXFileReference;
			lastKnownFileType = sourcecode.cpp.cpp;
			name = BrowserView.cpp;
			path = ../../Source/BrowserView.cpp;
			sourceTree = "SOURCE_ROOT";
		};
		CFEC6DEE09E57F43C2F579C4 = {
			isa = PBXFileReference;
			explicitFileType = wrapper.cfbundle;
			includeInIndex = 0;
			path = OpenSampler.vst3;
			sourceTree = "BUILT_PRODUCTS_DIR";
		};
		A26C5E071026439027F431C7 = {
			isa = PBXFileReference;
			explicitFileType = wrapper.cfbundle;
			includeInIndex = 0;
			path = OpenSampler.component;
			sourceTree = "BUILT_PRODUCTS_DIR";
		};
		9122FE4A99D84F066192DD41 = {
			isa = PBXFileReference;
			explicitFileType = wrapper.application;
			includeInIndex = 0;
			path = OpenSampler.app;
			sourceTree = "BUILT_PRODUCTS_DIR";
		};
		9E1149363F56BF836B7C42EE = {
			isa = PBXFileReference;
			explicitFileType = archive.ar;
			includeInIndex = 0;
			path = libOpenSampler.a;
			sourceTree = "BUILT_PRODUCTS_DIR";
		};
		A512BDFF19DFDE7F8198A23C = {
			isa = PBXFileReference;
			lastKnownFileType = wrapper.framework;
			name = Foundation.framework;
			path = System/Library/Frameworks/Foundation.framework;
			sourceTree = SDKROOT;
		};
		A8733B853D0F647AF732C742 = {
			isa = PBXFileReference;
			lastKnownFileType = image.png;
			name = piano.png;
			path = ../../../images/piano.png;
			sourceTree = "SOURCE_ROOT";
		};
		AB9FC431DDC50E3C6D3CC37F = {
			isa = PBXFileReference;
			lastKnownFileType = wrapper.framework;
			name = CoreAudio.framework;
			path = System/Library/Frameworks/CoreAudio.framework;
			sourceTree = SDKROOT;
		};
		ABA72734F01E2E35EBD6A907 = {
			isa = PBXFileReference;
			lastKnownFileType = wrapper.framework;
			name = Accelerate.framework;
			path = System/Library/Frameworks/Accelerate.framework;
			sourceTree = SDKROOT;
		};
		ACF8480EE5FC1910FE7AB8D4 = {
			isa = PBXFileReference;
			lastKnownFileType = sourcecode.c.h;
			name = TopBar.h;
			path = ../../Source/TopBar.h;
			sourceTree = "SOURCE_ROOT";
		};
		AE340006FBACB0DBE4CB134F = {
			isa = PBXFileReference;
			lastKnownFileType = image.png;
			name = gate.png;
			path = ../../../images/gate.png;
			sourceTree = "SOURCE_ROOT";
		};
		AF7728ED5B4013970D766478 = {
			isa = PBXFileReference;
			lastKnownFileType = sourcecode.cpp.cpp;
			name = PluginProcessor.cpp;
			path = ../../Source/PluginProcessor.cpp;
			sourceTree = "SOURCE_ROOT";
		};
		B42B7B589206EF3D1CBFD1A1 = {
			isa = PBXFileReference;
			lastKnownFileType = sourcecode.cpp.objcpp;
			name = "include_juce_audio_formats.mm";
			path = "../../JuceLibraryCode/include_juce_audio_formats.mm";
			sourceTree = "SOURCE_ROOT";
		};
		BCE073F50A3DF7D944AEEA24 = {
			isa = PBXFileReference;
			lastKnownFileType = sourcecode.cpp.cpp;
			name = BottomBar.cpp;
			path = ../../Source/BottomBar.cpp;
			sourceTree = "SOURCE_ROOT";
		};
		BDDF4E9AF0D61C57855E217F = {
			isa = PBXFileReference;
			lastKnownFileType = sourcecode.cpp.cpp;
			name = UtilitiesView.cpp;
			path = ../../Source/UtilitiesView.cpp;
			sourceTree = "SOURCE_ROOT";
		};
		C026F989D4760122A6008274 = {
			isa = PBXFileReference;
			lastKnownFileType = sourcecode.cpp.objcpp;
			name = "include_juce_audio_utils.mm";
			path = "../../JuceLibraryCode/include_juce_audio_utils.mm";
			sourceTree = "SOURCE_ROOT";
		};
		CE287862DED6F4D5D2333629 = {
			isa = PBXFileReference;
			lastKnownFileType = file;
			name = "juce_events";
			path = "/Users/chasekanipe/Files/JUCE/modules/juce_events";
			sourceTree = "<absolute>";
		};
		D09D149D2449EC5164654488 = {
			isa = PBXFileReference;
			lastKnownFileType = wrapper.framework;
			name = IOKit.framework;
			path = System/Library/Frameworks/IOKit.framework;
			sourceTree = SDKROOT;
		};
		D0E1A938D0C36609A071F475 = {
			isa = PBXFileReference;
			lastKnownFileType = image.png;
			name = internet.png;
			path = ../../../images/internet.png;
			sourceTree = "SOURCE_ROOT";
		};
		D1EA2EB044E156CE7EF7F524 = {
			isa = PBXFileReference;
			lastKnownFileType = wrapper.framework;
			name = AudioUnit.framework;
			path = System/Library/Frameworks/AudioUnit.framework;
			sourceTree = SDKROOT;
		};
		D623D24B9A3153510E59FC98 = {
			isa = PBXFileReference;
			lastKnownFileType = image.png;
			name = lock.png;
			path = ../../../images/lock.png;
			sourceTree = "SOURCE_ROOT";
		};
		D9D1FE24B4AAB528FAF3EA9E = {
			isa = PBXFileReference;
			lastKnownFileType = wrapper.framework;
			name = AudioToolbox.framework;
			path = System/Library/Frameworks/AudioToolbox.framework;
			sourceTree = SDKROOT;
		};
		D9EC1C8E7C155E82141FD5EE = {
			isa = PBXFileReference;
			lastKnownFileType = sourcecode.cpp.objcpp;
			name = "include_juce_gui_extra.mm";
			path = "../../JuceLibraryCode/include_juce_gui_extra.mm";
			sourceTree = "SOURCE_ROOT";
		};
		DD63FDF501C773DE914BD41B = {
			isa = PBXFileReference;
			lastKnownFileType = file;
			name = "juce_gui_basics";
			path = "/Users/chasekanipe/Files/JUCE/modules/juce_gui_basics";
			sourceTree = "<absolute>";
		};
		DDCDF0E2E719F689110AFAA2 = {
			isa = PBXFileReference;
			lastKnownFileType = sourcecode.cpp.cpp;
			name = TestMidiSource.cpp;
			path = ../../Source/TestMidiSource.cpp;
			sourceTree = "SOURCE_ROOT";
		};
		DFF0E11017F673B90F5F57BB = {
			isa = PBXFileReference;
			lastKnownFileType = sourcecode.cpp.objcpp;
			name = "include_juce_audio_basics.mm";
			path = "../../JuceLibraryCode/include_juce_audio_basics.mm";
			sourceTree = "SOURCE_ROOT";
		};
		E0ED474C7578D1BB5A988B24 = {
			isa = PBXFileReference;
			lastKnownFileType = sourcecode.c.h;
			name = BrowserView.h;
			path = ../../Source/BrowserView.h;
			sourceTree = "SOURCE_ROOT";
		};
		E3D3CDD7C5579CBE0A2EF815 = {
			isa = PBXFileReference;
			lastKnownFileType = sourcecode.cpp.cpp;
			name = TestAudioSource.cpp;
			path = ../../Source/TestAudioSource.cpp;
			sourceTree = "SOURCE_ROOT";
		};
		E45305262456D3734A29B9E3 = {
			isa = PBXFileReference;
			lastKnownFileType = sourcecode.cpp.cpp;
			name = ModulesListView.cpp;
			path = ../../Source/ModulesListView.cpp;
			sourceTree = "SOURCE_ROOT";
		};
		E6104A938B250EDEF4BE3BF1 = {
			isa = PBXFileReference;
			lastKnownFileType = sourcecode.c.h;
			name = BinaryData.h;
			path = ../../JuceLibraryCode/BinaryData.h;
			sourceTree = "SOURCE_ROOT";
		};
		E85F4D5D7CEC761CAE91AABA = {
			isa = PBXFileReference;
			lastKnownFileType = file;
			name = "juce_graphics";
			path = "/Users/chasekanipe/Files/JUCE/modules/juce_graphics";
			sourceTree = "<absolute>";
		};
		EB666918479E51A2579F1CC7 = {
			isa = PBXFileReference;
			lastKnownFileType = text.plist.xml;
			name = "Info-VST3.plist";
			path = "Info-VST3.plist";
			sourceTree = "SOURCE_ROOT";
		};
		ED9A7C21280841C86C5609D3 = {
			isa = PBXFileReference;
			lastKnownFileType = file;
			name = "juce_data_structures";
			path = "/Users/chasekanipe/Files/JUCE/modules/juce_data_structures";
			sourceTree = "<absolute>";
		};
		F7B2B692446E47E35E4C7C6F = {
			isa = PBXFileReference;
			lastKnownFileType = sourcecode.cpp.objcpp;
			name = "include_juce_audio_devices.mm";
			path = "../../JuceLibraryCode/include_juce_audio_devices.mm";
			sourceTree = "SOURCE_ROOT";
		};
		FAD43CCA7925115D7655D05D = {
			isa = PBXFileReference;
			lastKnownFileType = sourcecode.cpp.objcpp;
			name = "include_juce_gui_basics.mm";
			path = "../../JuceLibraryCode/include_juce_gui_basics.mm";
			sourceTree = "SOURCE_ROOT";
		};
		FAF2DA4FF9A5FD4457B8FA24 = {
			isa = PBXFileReference;
			lastKnownFileType = image.png;
			name = presets.png;
			path = ../../../images/presets.png;
			sourceTree = "SOURCE_ROOT";
		};
		E45D14A5DBEA78EEB785F397 = {
			isa = PBXGroup;
			children = (
				B42C45FC4541210D3A44D8F6,
				E0ED474C7578D1BB5A988B24,
			);
			name = BrowserView;
			sourceTree = "<group>";
		};
		F6E3F83A23BAB537328BB311 = {
			isa = PBXGroup;
			children = (
				2F5DB86B0799283A0AF4C6F9,
				7FFF16F799D9FCEA21AFAD3E,
			);
			name = MainView;
			sourceTree = "<group>";
		};
		3DEACA8E34CC0F597C0D4B26 = {
			isa = PBXGroup;
			children = (
				7B8A7D7095C6E2F344492A7A,
				453EB44161EC31E3356120C9,
			);
			name = ModuleDraggable;
			sourceTree = "<group>";
		};
		128F4BDA1E2FED0DDCC4F80F = {
			isa = PBXGroup;
			children = (
				07C8BE89517C30B2638BFCF4,
				2668AD329FD69DC5893352A0,
				E45305262456D3734A29B9E3,
				82F12900AEB5E0AB1681C4FD,
			);
			name = SubViews;
			sourceTree = "<group>";
		};
		046961BFCF6D2A150B7E0D23 = {
			isa = PBXGroup;
			children = (
				3DEACA8E34CC0F597C0D4B26,
				128F4BDA1E2FED0DDCC4F80F,
				738146A9975F5EB727418C93,
				3202265028C5C1C7C2DF41AE,
			);
			name = ModularView;
			sourceTree = "<group>";
		};
		7DB7D55B16976113CEDC86C0 = {
			isa = PBXGroup;
			children = (
				BDDF4E9AF0D61C57855E217F,
				6A162DA3D0B704CA5F2263E1,
			);
			name = UtilitiesView;
			sourceTree = "<group>";
		};
		104A524355220E2CC5BDEBD5 = {
			isa = PBXGroup;
			children = (
				A08D783DB80349AB017B70A1,
				ACF8480EE5FC1910FE7AB8D4,
				BCE073F50A3DF7D944AEEA24,
				91E12567171087566EF55ED8,
			);
			name = Bars;
			sourceTree = "<group>";
		};
		8AFB82868616039E886428C1 = {
			isa = PBXGroup;
			children = (
				E45D14A5DBEA78EEB785F397,
				F6E3F83A23BAB537328BB311,
				046961BFCF6D2A150B7E0D23,
				7DB7D55B16976113CEDC86C0,
				104A524355220E2CC5BDEBD5,
			);
			name = Views;
			sourceTree = "<group>";
		};
		32C4854D1DCC799A9F6E88DA = {
			isa = PBXGroup;
			children = (
				E3D3CDD7C5579CBE0A2EF815,
			);
			name = AudioSources;
			sourceTree = "<group>";
		};
		CC042647EA065953B5A4A868 = {
			isa = PBXGroup;
			children = (
				5F8FEAD94C84ED7530F2803F,
			);
			name = AudioEffects;
			sourceTree = "<group>";
		};
		860500A7EE85F712098F419E = {
			isa = PBXGroup;
			children = (
				DDCDF0E2E719F689110AFAA2,
			);
			name = MidiSources;
			sourceTree = "<group>";
		};
		C3FE407AFFC27F94FA185250 = {
			isa = PBXGroup;
			children = (
				6BC01C63F0457E80A40026A9,
			);
			name = MidiEffects;
			sourceTree = "<group>";
		};
		1E0A79E0A56A626761C11DCB = {
			isa = PBXGroup;
			children = (
				67BF735FD65BBB9CC60E4843,
				32C4854D1DCC799A9F6E88DA,
				CC042647EA065953B5A4A868,
				860500A7EE85F712098F419E,
				C3FE407AFFC27F94FA185250,
			);
			name = Modules;
			sourceTree = "<group>";
		};
		94622D38C079F35D33BD4735 = {
			isa = PBXGroup;
			children = (
				FAF2DA4FF9A5FD4457B8FA24,
				0B42AC9B1E26BFAACA370BCB,
				AE340006FBACB0DBE4CB134F,
				7E4FA25D70C66C2464FCAE33,
				599B245531F26D5BBD58FBF7,
				8E4D1838B7A9141F30239B84,
				A8733B853D0F647AF732C742,
				D0E1A938D0C36609A071F475,
				D623D24B9A3153510E59FC98,
				86B1B867854784BE02382A25,
			);
			name = images;
			sourceTree = "<group>";
		};
		F888DDFD2E6ADCE95B96FE4B = {
			isa = PBXGroup;
			children = (
				94622D38C079F35D33BD4735,
			);
			name = Resources;
			sourceTree = "<group>";
		};
		D66F44283922DC7B41DD191B = {
			isa = PBXGroup;
			children = (
				8AFB82868616039E886428C1,
				1E0A79E0A56A626761C11DCB,
				F888DDFD2E6ADCE95B96FE4B,
				AF7728ED5B4013970D766478,
				31176680DC751BA1C3E0EC1E,
				3B04A6DF1A10250FAFA5E5C3,
				324D6A0D145936E7A369957C,
			);
			name = Source;
			sourceTree = "<group>";
		};
		FE183C774178FA778B7B129D = {
			isa = PBXGroup;
			children = (
				D66F44283922DC7B41DD191B,
			);
			name = OpenSampler;
			sourceTree = "<group>";
		};
		588B33368E5F2FC697460ACA = {
			isa = PBXGroup;
			children = (
				223F3DDAAAA6A6822630A8AA,
				5CCBBBCF004FBC622F9DCA88,
				3D18EF01F054F03D16372482,
				1D82D8143C13F46879D1FD7F,
				A27BC9A89D59EACEC56F2266,
				0162015E97696802F52873CE,
				28DF937CFB6BF69CDF8E0B22,
				ED9A7C21280841C86C5609D3,
				CE287862DED6F4D5D2333629,
				E85F4D5D7CEC761CAE91AABA,
				DD63FDF501C773DE914BD41B,
				A1E8DEEAFAB486B81A5AC05A,
			);
			name = "JUCE Modules";
			sourceTree = "<group>";
		};
		D64BC029DC75CB048FAF7813 = {
			isa = PBXGroup;
			children = (
				8C3874813A185A8D69495992,
				E6104A938B250EDEF4BE3BF1,
				DFF0E11017F673B90F5F57BB,
				F7B2B692446E47E35E4C7C6F,
				B42B7B589206EF3D1CBFD1A1,
				0B065E55DE73A67A549CB0CA,
				18FB3C39CB0191AD7F7CD724,
				79D74FF0DA5D62B59DBCEE50,
				01FCC77329B80198A3AD5CF8,
				307AC6EE8A76D01D9152C54A,
				192D83C1ED656948983741BE,
				52759CFA88AF09307040482B,
				773F46DFE32C0031CE531D60,
				C026F989D4760122A6008274,
				19983940B690367BE251860C,
				63BD3E7ECDC131482D80AF13,
				449BBED2DEEF9FB646E8322B,
				3B2A1CB1C61FF3D7BB1002AC,
				FAD43CCA7925115D7655D05D,
				D9EC1C8E7C155E82141FD5EE,
				511997D4EB44084499676659,
				7E4090E51C59D8B8508D5009,
			);
			name = "JUCE Library Code";
			sourceTree = "<group>";
		};
		45FB2223DEAC507D75001E39 = {
			isa = PBXGroup;
			children = (
				EB666918479E51A2579F1CC7,
				0D517878FF4C40383F57021E,
				88D5D2A258FF9CC1FC0DA9C0,
				874FF1DCAD1F0284F723C73F,
			);
			name = Resources;
			sourceTree = "<group>";
		};
		4144997EED0935BB13A3789E = {
			isa = PBXGroup;
			children = (
				D1EA2EB044E156CE7EF7F524,
				ABA72734F01E2E35EBD6A907,
				D9D1FE24B4AAB528FAF3EA9E,
				5151BDDD1EA620525996FA63,
				01E8402FA9BD5B5C779AAC40,
				AB9FC431DDC50E3C6D3CC37F,
				584DA6AD0307EB028A4C10B1,
				706CC22B9A7E20C866ACBF01,
				21AAF12FC18F4E1DDA7E1733,
				A512BDFF19DFDE7F8198A23C,
				D09D149D2449EC5164654488,
				4A052E28B0E0F73A86CBFED6,
				45B54F74281B37C1B44F9AA9,
			);
			name = Frameworks;
			sourceTree = "<group>";
		};
		AD60A0A878CC85EEFF7185A9 = {
			isa = PBXGroup;
			children = (
				CFEC6DEE09E57F43C2F579C4,
				A26C5E071026439027F431C7,
				9122FE4A99D84F066192DD41,
				9E1149363F56BF836B7C42EE,
			);
			name = Products;
			sourceTree = "<group>";
		};
		2732F16EFEE3941D8B35B002 = {
			isa = PBXGroup;
			children = (
				FE183C774178FA778B7B129D,
				588B33368E5F2FC697460ACA,
				D64BC029DC75CB048FAF7813,
				45FB2223DEAC507D75001E39,
				4144997EED0935BB13A3789E,
				AD60A0A878CC85EEFF7185A9,
			);
			name = Source;
			sourceTree = "<group>";
		};
		FF55332EC60D0EC87BD59DF1 = {
			isa = PBXTargetDependency;
			target = 4E4279A054C72969FD491E32;
		};
		D88CF0FE7EE9F1853F76E7BE = {
			isa = PBXTargetDependency;
			target = 3D2A871320FE4ABABF165A89;
		};
		9B689C82D324807E070EC257 = {
			isa = PBXTargetDependency;
			target = 0D7127A0D39BDCC374EF7314;
		};
		E325B76A367F8B7FBCA637B6 = {
			isa = PBXTargetDependency;
			target = 8602A468E7B12948E68C9C1D;
		};
		6212D90046103760661ECF9D = {
			isa = PBXTargetDependency;
			target = 8602A468E7B12948E68C9C1D;
		};
		DD001DE60B24E146B2212B04 = {
			isa = PBXTargetDependency;
			target = 8602A468E7B12948E68C9C1D;
		};
		79A1AFB0378776166D9021D4 = {
			isa = PBXTargetDependency;
			target = 8602A468E7B12948E68C9C1D;
		};
		6E189E1643373863C103E912 = {
			isa = XCBuildConfiguration;
			buildSettings = {
				MACOSX_DEPLOYMENT_TARGET = 10.11;
				SDKROOT = macosx;
			};
			name = Debug;
		};
		C81935077512ACCF2B738813 = {
			isa = XCBuildConfiguration;
			buildSettings = {
				MACOSX_DEPLOYMENT_TARGET = 10.11;
				SDKROOT = macosx;
			};
			name = Release;
		};
		0C847E809CDE0F6684139A10 = {
			isa = XCBuildConfiguration;
			buildSettings = {
				CLANG_CXX_LANGUAGE_STANDARD = "c++14";
				CLANG_CXX_LIBRARY = "libc++";
				CLANG_LINK_OBJC_RUNTIME = NO;
				CODE_SIGN_IDENTITY = "";
				COMBINE_HIDPI_IMAGES = YES;
				CONFIGURATION_BUILD_DIR = "$(PROJECT_DIR)/build/$(CONFIGURATION)";
				COPY_PHASE_STRIP = NO;
				DEPLOYMENT_LOCATION = YES;
				DSTROOT = /;
				GCC_DYNAMIC_NO_PIC = NO;
				GCC_OPTIMIZATION_LEVEL = 0;
				GCC_PREPROCESSOR_DEFINITIONS = (
					"_DEBUG=1",
					"DEBUG=1",
					"JUCE_DISPLAY_SPLASH_SCREEN=1",
					"JUCE_USE_DARK_SPLASH_SCREEN=1",
					"JUCE_PROJUCER_VERSION=0x60007",
					"JUCE_MODULE_AVAILABLE_juce_audio_basics=1",
					"JUCE_MODULE_AVAILABLE_juce_audio_devices=1",
					"JUCE_MODULE_AVAILABLE_juce_audio_formats=1",
					"JUCE_MODULE_AVAILABLE_juce_audio_plugin_client=1",
					"JUCE_MODULE_AVAILABLE_juce_audio_processors=1",
					"JUCE_MODULE_AVAILABLE_juce_audio_utils=1",
					"JUCE_MODULE_AVAILABLE_juce_core=1",
					"JUCE_MODULE_AVAILABLE_juce_data_structures=1",
					"JUCE_MODULE_AVAILABLE_juce_events=1",
					"JUCE_MODULE_AVAILABLE_juce_graphics=1",
					"JUCE_MODULE_AVAILABLE_juce_gui_basics=1",
					"JUCE_MODULE_AVAILABLE_juce_gui_extra=1",
					"JUCE_GLOBAL_MODULE_SETTINGS_INCLUDED=1",
					"JUCE_VST3_CAN_REPLACE_VST2=0",
					"JUCE_STRICT_REFCOUNTEDPOINTER=1",
					"JucePlugin_Build_VST=0",
					"JucePlugin_Build_VST3=1",
					"JucePlugin_Build_AU=0",
					"JucePlugin_Build_AUv3=0",
					"JucePlugin_Build_RTAS=0",
					"JucePlugin_Build_AAX=0",
					"JucePlugin_Build_Standalone=0",
					"JucePlugin_Build_Unity=0",
					"JucePlugin_Enable_IAA=0",
					"JucePlugin_Name=\\\"OpenSampler\\\"",
					"JucePlugin_Desc=\\\"OpenSampler\\\"",
					"JucePlugin_Manufacturer=\\\"yourcompany\\\"",
					"JucePlugin_ManufacturerWebsite=\\\"\\\"",
					"JucePlugin_ManufacturerEmail=\\\"\\\"",
					"JucePlugin_ManufacturerCode=0x4d616e75",
					"JucePlugin_PluginCode=0x4b757639",
					"JucePlugin_IsSynth=1",
					"JucePlugin_WantsMidiInput=1",
					"JucePlugin_ProducesMidiOutput=0",
					"JucePlugin_IsMidiEffect=0",
					"JucePlugin_EditorRequiresKeyboardFocus=0",
					"JucePlugin_Version=1.0.0",
					"JucePlugin_VersionCode=0x10000",
					"JucePlugin_VersionString=\\\"1.0.0\\\"",
					"JucePlugin_VSTUniqueID=JucePlugin_PluginCode",
					"JucePlugin_VSTCategory=kPlugCategSynth",
					"JucePlugin_Vst3Category=\\\"Instrument|Synth\\\"",
					"JucePlugin_AUMainType='aumu'",
					"JucePlugin_AUSubType=JucePlugin_PluginCode",
					"JucePlugin_AUExportPrefix=OpenSamplerAU",
					"JucePlugin_AUExportPrefixQuoted=\\\"OpenSamplerAU\\\"",
					"JucePlugin_AUManufacturerCode=JucePlugin_ManufacturerCode",
					"JucePlugin_CFBundleIdentifier=com.yourcompany.OpenSampler",
					"JucePlugin_RTASCategory=2048",
					"JucePlugin_RTASManufacturerCode=JucePlugin_ManufacturerCode",
					"JucePlugin_RTASProductId=JucePlugin_PluginCode",
					"JucePlugin_RTASDisableBypass=0",
					"JucePlugin_RTASDisableMultiMono=0",
					"JucePlugin_AAXIdentifier=com.yourcompany.OpenSampler",
					"JucePlugin_AAXManufacturerCode=JucePlugin_ManufacturerCode",
					"JucePlugin_AAXProductId=JucePlugin_PluginCode",
					"JucePlugin_AAXCategory=2048",
					"JucePlugin_AAXDisableBypass=0",
					"JucePlugin_AAXDisableMultiMono=0",
					"JucePlugin_IAAType=0x61757269",
					"JucePlugin_IAASubType=JucePlugin_PluginCode",
					"JucePlugin_IAAName=\\\"yourcompany:\\ OpenSampler\\\"",
					"JucePlugin_VSTNumMidiInputs=16",
					"JucePlugin_VSTNumMidiOutputs=16",
					"JUCE_STANDALONE_APPLICATION=JucePlugin_Build_Standalone",
					"JUCER_XCODE_MAC_F6D2F4CF=1",
					"JUCE_APP_VERSION=1.0.0",
					"JUCE_APP_VERSION_HEX=0x10000",
				);
				GCC_VERSION = com.apple.compilers.llvm.clang.1_0;
				GENERATE_PKGINFO_FILE = YES;
				HEADER_SEARCH_PATHS = (
					"/Users/chasekanipe/Files/JUCE/modules/juce_audio_processors/format_types/VST3_SDK",
					"$(SRCROOT)/../../JuceLibraryCode",
					"/Users/chasekanipe/Files/JUCE/modules",
					"/Users/chasekanipe/Files/opensampler/faust/architecture/",
					"/Users/chasekanipe/Files/JUCE/modules/juce_audio_plugin_client",
					"$(inherited)",
				);
				INFOPLIST_FILE = Info-VST3.plist;
				INFOPLIST_PREPROCESS = NO;
				INSTALL_PATH = "$(HOME)/Library/Audio/Plug-Ins/VST3/";
				LIBRARY_STYLE = Bundle;
				MACOSX_DEPLOYMENT_TARGET = 10.11;
				MTL_HEADER_SEARCH_PATHS = (
					"/Users/chasekanipe/Files/JUCE/modules/juce_audio_processors/format_types/VST3_SDK",
					"$(SRCROOT)/../../JuceLibraryCode",
					"/Users/chasekanipe/Files/JUCE/modules",
					"/Users/chasekanipe/Files/opensampler/faust/architecture/",
					"/Users/chasekanipe/Files/JUCE/modules/juce_audio_plugin_client",
				);
				OTHER_LDFLAGS = "-bundle -lOpenSampler";
				PRODUCT_BUNDLE_IDENTIFIER = com.yourcompany.OpenSampler;
				PRODUCT_NAME = "OpenSampler";
				USE_HEADERMAP = NO;
				VALID_ARCHS = "i386 x86_64 arm64 arm64e";
				WRAPPER_EXTENSION = vst3;
			};
			name = Debug;
		};
		41805A900E4C1B3BE94773C0 = {
			isa = XCBuildConfiguration;
			buildSettings = {
				CLANG_CXX_LANGUAGE_STANDARD = "c++14";
				CLANG_CXX_LIBRARY = "libc++";
				CLANG_LINK_OBJC_RUNTIME = NO;
				CODE_SIGN_IDENTITY = "";
				COMBINE_HIDPI_IMAGES = YES;
				CONFIGURATION_BUILD_DIR = "$(PROJECT_DIR)/build/$(CONFIGURATION)";
				DEAD_CODE_STRIPPING = YES;
				DEPLOYMENT_LOCATION = YES;
				DSTROOT = /;
				GCC_GENERATE_DEBUGGING_SYMBOLS = NO;
				GCC_OPTIMIZATION_LEVEL = 3;
				GCC_PREPROCESSOR_DEFINITIONS = (
					"_NDEBUG=1",
					"NDEBUG=1",
					"JUCE_DISPLAY_SPLASH_SCREEN=1",
					"JUCE_USE_DARK_SPLASH_SCREEN=1",
					"JUCE_PROJUCER_VERSION=0x60007",
					"JUCE_MODULE_AVAILABLE_juce_audio_basics=1",
					"JUCE_MODULE_AVAILABLE_juce_audio_devices=1",
					"JUCE_MODULE_AVAILABLE_juce_audio_formats=1",
					"JUCE_MODULE_AVAILABLE_juce_audio_plugin_client=1",
					"JUCE_MODULE_AVAILABLE_juce_audio_processors=1",
					"JUCE_MODULE_AVAILABLE_juce_audio_utils=1",
					"JUCE_MODULE_AVAILABLE_juce_core=1",
					"JUCE_MODULE_AVAILABLE_juce_data_structures=1",
					"JUCE_MODULE_AVAILABLE_juce_events=1",
					"JUCE_MODULE_AVAILABLE_juce_graphics=1",
					"JUCE_MODULE_AVAILABLE_juce_gui_basics=1",
					"JUCE_MODULE_AVAILABLE_juce_gui_extra=1",
					"JUCE_GLOBAL_MODULE_SETTINGS_INCLUDED=1",
					"JUCE_VST3_CAN_REPLACE_VST2=0",
					"JUCE_STRICT_REFCOUNTEDPOINTER=1",
					"JucePlugin_Build_VST=0",
					"JucePlugin_Build_VST3=1",
					"JucePlugin_Build_AU=0",
					"JucePlugin_Build_AUv3=0",
					"JucePlugin_Build_RTAS=0",
					"JucePlugin_Build_AAX=0",
					"JucePlugin_Build_Standalone=0",
					"JucePlugin_Build_Unity=0",
					"JucePlugin_Enable_IAA=0",
					"JucePlugin_Name=\\\"OpenSampler\\\"",
					"JucePlugin_Desc=\\\"OpenSampler\\\"",
					"JucePlugin_Manufacturer=\\\"yourcompany\\\"",
					"JucePlugin_ManufacturerWebsite=\\\"\\\"",
					"JucePlugin_ManufacturerEmail=\\\"\\\"",
					"JucePlugin_ManufacturerCode=0x4d616e75",
					"JucePlugin_PluginCode=0x4b757639",
					"JucePlugin_IsSynth=1",
					"JucePlugin_WantsMidiInput=1",
					"JucePlugin_ProducesMidiOutput=0",
					"JucePlugin_IsMidiEffect=0",
					"JucePlugin_EditorRequiresKeyboardFocus=0",
					"JucePlugin_Version=1.0.0",
					"JucePlugin_VersionCode=0x10000",
					"JucePlugin_VersionString=\\\"1.0.0\\\"",
					"JucePlugin_VSTUniqueID=JucePlugin_PluginCode",
					"JucePlugin_VSTCategory=kPlugCategSynth",
					"JucePlugin_Vst3Category=\\\"Instrument|Synth\\\"",
					"JucePlugin_AUMainType='aumu'",
					"JucePlugin_AUSubType=JucePlugin_PluginCode",
					"JucePlugin_AUExportPrefix=OpenSamplerAU",
					"JucePlugin_AUExportPrefixQuoted=\\\"OpenSamplerAU\\\"",
					"JucePlugin_AUManufacturerCode=JucePlugin_ManufacturerCode",
					"JucePlugin_CFBundleIdentifier=com.yourcompany.OpenSampler",
					"JucePlugin_RTASCategory=2048",
					"JucePlugin_RTASManufacturerCode=JucePlugin_ManufacturerCode",
					"JucePlugin_RTASProductId=JucePlugin_PluginCode",
					"JucePlugin_RTASDisableBypass=0",
					"JucePlugin_RTASDisableMultiMono=0",
					"JucePlugin_AAXIdentifier=com.yourcompany.OpenSampler",
					"JucePlugin_AAXManufacturerCode=JucePlugin_ManufacturerCode",
					"JucePlugin_AAXProductId=JucePlugin_PluginCode",
					"JucePlugin_AAXCategory=2048",
					"JucePlugin_AAXDisableBypass=0",
					"JucePlugin_AAXDisableMultiMono=0",
					"JucePlugin_IAAType=0x61757269",
					"JucePlugin_IAASubType=JucePlugin_PluginCode",
					"JucePlugin_IAAName=\\\"yourcompany:\\ OpenSampler\\\"",
					"JucePlugin_VSTNumMidiInputs=16",
					"JucePlugin_VSTNumMidiOutputs=16",
					"JUCE_STANDALONE_APPLICATION=JucePlugin_Build_Standalone",
					"JUCER_XCODE_MAC_F6D2F4CF=1",
					"JUCE_APP_VERSION=1.0.0",
					"JUCE_APP_VERSION_HEX=0x10000",
				);
				GCC_VERSION = com.apple.compilers.llvm.clang.1_0;
				GENERATE_PKGINFO_FILE = YES;
				HEADER_SEARCH_PATHS = (
					"/Users/chasekanipe/Files/JUCE/modules/juce_audio_processors/format_types/VST3_SDK",
					"$(SRCROOT)/../../JuceLibraryCode",
					"/Users/chasekanipe/Files/JUCE/modules",
					"/Users/chasekanipe/Files/opensampler/faust/architecture/",
					"/Users/chasekanipe/Files/JUCE/modules/juce_audio_plugin_client",
					"$(inherited)",
				);
				INFOPLIST_FILE = Info-VST3.plist;
				INFOPLIST_PREPROCESS = NO;
				INSTALL_PATH = "$(HOME)/Library/Audio/Plug-Ins/VST3/";
				LIBRARY_STYLE = Bundle;
				LLVM_LTO = YES;
				MACOSX_DEPLOYMENT_TARGET = 10.11;
				MTL_HEADER_SEARCH_PATHS = (
					"/Users/chasekanipe/Files/JUCE/modules/juce_audio_processors/format_types/VST3_SDK",
					"$(SRCROOT)/../../JuceLibraryCode",
					"/Users/chasekanipe/Files/JUCE/modules",
					"/Users/chasekanipe/Files/opensampler/faust/architecture/",
					"/Users/chasekanipe/Files/JUCE/modules/juce_audio_plugin_client",
				);
				OTHER_LDFLAGS = "-bundle -lOpenSampler";
				PRODUCT_BUNDLE_IDENTIFIER = com.yourcompany.OpenSampler;
				PRODUCT_NAME = "OpenSampler";
				USE_HEADERMAP = NO;
				VALID_ARCHS = "i386 x86_64 arm64 arm64e";
				WRAPPER_EXTENSION = vst3;
			};
			name = Release;
		};
		5409F78D38EEF7965D21DE8E = {
			isa = XCBuildConfiguration;
			buildSettings = {
				CLANG_CXX_LANGUAGE_STANDARD = "c++14";
				CLANG_CXX_LIBRARY = "libc++";
				CLANG_LINK_OBJC_RUNTIME = NO;
				CODE_SIGN_IDENTITY = "";
				COMBINE_HIDPI_IMAGES = YES;
				CONFIGURATION_BUILD_DIR = "$(PROJECT_DIR)/build/$(CONFIGURATION)";
				COPY_PHASE_STRIP = NO;
				DEPLOYMENT_LOCATION = YES;
				DSTROOT = /;
				GCC_DYNAMIC_NO_PIC = NO;
				GCC_OPTIMIZATION_LEVEL = 0;
				GCC_PREPROCESSOR_DEFINITIONS = (
					"_DEBUG=1",
					"DEBUG=1",
					"JUCE_DISPLAY_SPLASH_SCREEN=1",
					"JUCE_USE_DARK_SPLASH_SCREEN=1",
					"JUCE_PROJUCER_VERSION=0x60007",
					"JUCE_MODULE_AVAILABLE_juce_audio_basics=1",
					"JUCE_MODULE_AVAILABLE_juce_audio_devices=1",
					"JUCE_MODULE_AVAILABLE_juce_audio_formats=1",
					"JUCE_MODULE_AVAILABLE_juce_audio_plugin_client=1",
					"JUCE_MODULE_AVAILABLE_juce_audio_processors=1",
					"JUCE_MODULE_AVAILABLE_juce_audio_utils=1",
					"JUCE_MODULE_AVAILABLE_juce_core=1",
					"JUCE_MODULE_AVAILABLE_juce_data_structures=1",
					"JUCE_MODULE_AVAILABLE_juce_events=1",
					"JUCE_MODULE_AVAILABLE_juce_graphics=1",
					"JUCE_MODULE_AVAILABLE_juce_gui_basics=1",
					"JUCE_MODULE_AVAILABLE_juce_gui_extra=1",
					"JUCE_GLOBAL_MODULE_SETTINGS_INCLUDED=1",
					"JUCE_VST3_CAN_REPLACE_VST2=0",
					"JUCE_STRICT_REFCOUNTEDPOINTER=1",
					"JucePlugin_Build_VST=0",
					"JucePlugin_Build_VST3=0",
					"JucePlugin_Build_AU=1",
					"JucePlugin_Build_AUv3=0",
					"JucePlugin_Build_RTAS=0",
					"JucePlugin_Build_AAX=0",
					"JucePlugin_Build_Standalone=0",
					"JucePlugin_Build_Unity=0",
					"JucePlugin_Enable_IAA=0",
					"JucePlugin_Name=\\\"OpenSampler\\\"",
					"JucePlugin_Desc=\\\"OpenSampler\\\"",
					"JucePlugin_Manufacturer=\\\"yourcompany\\\"",
					"JucePlugin_ManufacturerWebsite=\\\"\\\"",
					"JucePlugin_ManufacturerEmail=\\\"\\\"",
					"JucePlugin_ManufacturerCode=0x4d616e75",
					"JucePlugin_PluginCode=0x4b757639",
					"JucePlugin_IsSynth=1",
					"JucePlugin_WantsMidiInput=1",
					"JucePlugin_ProducesMidiOutput=0",
					"JucePlugin_IsMidiEffect=0",
					"JucePlugin_EditorRequiresKeyboardFocus=0",
					"JucePlugin_Version=1.0.0",
					"JucePlugin_VersionCode=0x10000",
					"JucePlugin_VersionString=\\\"1.0.0\\\"",
					"JucePlugin_VSTUniqueID=JucePlugin_PluginCode",
					"JucePlugin_VSTCategory=kPlugCategSynth",
					"JucePlugin_Vst3Category=\\\"Instrument|Synth\\\"",
					"JucePlugin_AUMainType='aumu'",
					"JucePlugin_AUSubType=JucePlugin_PluginCode",
					"JucePlugin_AUExportPrefix=OpenSamplerAU",
					"JucePlugin_AUExportPrefixQuoted=\\\"OpenSamplerAU\\\"",
					"JucePlugin_AUManufacturerCode=JucePlugin_ManufacturerCode",
					"JucePlugin_CFBundleIdentifier=com.yourcompany.OpenSampler",
					"JucePlugin_RTASCategory=2048",
					"JucePlugin_RTASManufacturerCode=JucePlugin_ManufacturerCode",
					"JucePlugin_RTASProductId=JucePlugin_PluginCode",
					"JucePlugin_RTASDisableBypass=0",
					"JucePlugin_RTASDisableMultiMono=0",
					"JucePlugin_AAXIdentifier=com.yourcompany.OpenSampler",
					"JucePlugin_AAXManufacturerCode=JucePlugin_ManufacturerCode",
					"JucePlugin_AAXProductId=JucePlugin_PluginCode",
					"JucePlugin_AAXCategory=2048",
					"JucePlugin_AAXDisableBypass=0",
					"JucePlugin_AAXDisableMultiMono=0",
					"JucePlugin_IAAType=0x61757269",
					"JucePlugin_IAASubType=JucePlugin_PluginCode",
					"JucePlugin_IAAName=\\\"yourcompany:\\ OpenSampler\\\"",
					"JucePlugin_VSTNumMidiInputs=16",
					"JucePlugin_VSTNumMidiOutputs=16",
					"JUCE_STANDALONE_APPLICATION=JucePlugin_Build_Standalone",
					"JUCER_XCODE_MAC_F6D2F4CF=1",
					"JUCE_APP_VERSION=1.0.0",
					"JUCE_APP_VERSION_HEX=0x10000",
				);
				GCC_VERSION = com.apple.compilers.llvm.clang.1_0;
				GENERATE_PKGINFO_FILE = YES;
				HEADER_SEARCH_PATHS = (
					"/Users/chasekanipe/Files/JUCE/modules/juce_audio_processors/format_types/VST3_SDK",
					"$(SRCROOT)/../../JuceLibraryCode",
					"/Users/chasekanipe/Files/JUCE/modules",
					"/Users/chasekanipe/Files/opensampler/faust/architecture/",
					"/Users/chasekanipe/Files/JUCE/modules/juce_audio_plugin_client",
					"$(inherited)",
				);
				INFOPLIST_FILE = Info-AU.plist;
				INFOPLIST_PREPROCESS = NO;
				INSTALL_PATH = "$(HOME)/Library/Audio/Plug-Ins/Components/";
				LIBRARY_STYLE = Bundle;
				MACOSX_DEPLOYMENT_TARGET = 10.11;
				MTL_HEADER_SEARCH_PATHS = (
					"/Users/chasekanipe/Files/JUCE/modules/juce_audio_processors/format_types/VST3_SDK",
					"$(SRCROOT)/../../JuceLibraryCode",
					"/Users/chasekanipe/Files/JUCE/modules",
					"/Users/chasekanipe/Files/opensampler/faust/architecture/",
					"/Users/chasekanipe/Files/JUCE/modules/juce_audio_plugin_client",
				);
				OTHER_LDFLAGS = "-bundle -lOpenSampler";
				OTHER_REZFLAGS = "-d ppc_$ppc -d i386_$i386 -d ppc64_$ppc64 -d x86_64_$x86_64 -I /System/Library/Frameworks/CoreServices.framework/Frameworks/CarbonCore.framework/Versions/A/Headers -I \"$(DEVELOPER_DIR)/Extras/CoreAudio/AudioUnits/AUPublic/AUBase\" -I \"$(DEVELOPER_DIR)/Platforms/MacOSX.platform/Developer/SDKs/MacOSX.sdk/System/Library/Frameworks/AudioUnit.framework/Headers\"";
				PRODUCT_BUNDLE_IDENTIFIER = com.yourcompany.OpenSampler;
				PRODUCT_NAME = "OpenSampler";
				USE_HEADERMAP = NO;
				VALID_ARCHS = "i386 x86_64 arm64 arm64e";
				WRAPPER_EXTENSION = component;
			};
			name = Debug;
		};
		02DA48F3E09DCEE912349127 = {
			isa = XCBuildConfiguration;
			buildSettings = {
				CLANG_CXX_LANGUAGE_STANDARD = "c++14";
				CLANG_CXX_LIBRARY = "libc++";
				CLANG_LINK_OBJC_RUNTIME = NO;
				CODE_SIGN_IDENTITY = "";
				COMBINE_HIDPI_IMAGES = YES;
				CONFIGURATION_BUILD_DIR = "$(PROJECT_DIR)/build/$(CONFIGURATION)";
				DEAD_CODE_STRIPPING = YES;
				DEPLOYMENT_LOCATION = YES;
				DSTROOT = /;
				GCC_GENERATE_DEBUGGING_SYMBOLS = NO;
				GCC_OPTIMIZATION_LEVEL = 3;
				GCC_PREPROCESSOR_DEFINITIONS = (
					"_NDEBUG=1",
					"NDEBUG=1",
					"JUCE_DISPLAY_SPLASH_SCREEN=1",
					"JUCE_USE_DARK_SPLASH_SCREEN=1",
					"JUCE_PROJUCER_VERSION=0x60007",
					"JUCE_MODULE_AVAILABLE_juce_audio_basics=1",
					"JUCE_MODULE_AVAILABLE_juce_audio_devices=1",
					"JUCE_MODULE_AVAILABLE_juce_audio_formats=1",
					"JUCE_MODULE_AVAILABLE_juce_audio_plugin_client=1",
					"JUCE_MODULE_AVAILABLE_juce_audio_processors=1",
					"JUCE_MODULE_AVAILABLE_juce_audio_utils=1",
					"JUCE_MODULE_AVAILABLE_juce_core=1",
					"JUCE_MODULE_AVAILABLE_juce_data_structures=1",
					"JUCE_MODULE_AVAILABLE_juce_events=1",
					"JUCE_MODULE_AVAILABLE_juce_graphics=1",
					"JUCE_MODULE_AVAILABLE_juce_gui_basics=1",
					"JUCE_MODULE_AVAILABLE_juce_gui_extra=1",
					"JUCE_GLOBAL_MODULE_SETTINGS_INCLUDED=1",
					"JUCE_VST3_CAN_REPLACE_VST2=0",
					"JUCE_STRICT_REFCOUNTEDPOINTER=1",
					"JucePlugin_Build_VST=0",
					"JucePlugin_Build_VST3=0",
					"JucePlugin_Build_AU=1",
					"JucePlugin_Build_AUv3=0",
					"JucePlugin_Build_RTAS=0",
					"JucePlugin_Build_AAX=0",
					"JucePlugin_Build_Standalone=0",
					"JucePlugin_Build_Unity=0",
					"JucePlugin_Enable_IAA=0",
					"JucePlugin_Name=\\\"OpenSampler\\\"",
					"JucePlugin_Desc=\\\"OpenSampler\\\"",
					"JucePlugin_Manufacturer=\\\"yourcompany\\\"",
					"JucePlugin_ManufacturerWebsite=\\\"\\\"",
					"JucePlugin_ManufacturerEmail=\\\"\\\"",
					"JucePlugin_ManufacturerCode=0x4d616e75",
					"JucePlugin_PluginCode=0x4b757639",
					"JucePlugin_IsSynth=1",
					"JucePlugin_WantsMidiInput=1",
					"JucePlugin_ProducesMidiOutput=0",
					"JucePlugin_IsMidiEffect=0",
					"JucePlugin_EditorRequiresKeyboardFocus=0",
					"JucePlugin_Version=1.0.0",
					"JucePlugin_VersionCode=0x10000",
					"JucePlugin_VersionString=\\\"1.0.0\\\"",
					"JucePlugin_VSTUniqueID=JucePlugin_PluginCode",
					"JucePlugin_VSTCategory=kPlugCategSynth",
					"JucePlugin_Vst3Category=\\\"Instrument|Synth\\\"",
					"JucePlugin_AUMainType='aumu'",
					"JucePlugin_AUSubType=JucePlugin_PluginCode",
					"JucePlugin_AUExportPrefix=OpenSamplerAU",
					"JucePlugin_AUExportPrefixQuoted=\\\"OpenSamplerAU\\\"",
					"JucePlugin_AUManufacturerCode=JucePlugin_ManufacturerCode",
					"JucePlugin_CFBundleIdentifier=com.yourcompany.OpenSampler",
					"JucePlugin_RTASCategory=2048",
					"JucePlugin_RTASManufacturerCode=JucePlugin_ManufacturerCode",
					"JucePlugin_RTASProductId=JucePlugin_PluginCode",
					"JucePlugin_RTASDisableBypass=0",
					"JucePlugin_RTASDisableMultiMono=0",
					"JucePlugin_AAXIdentifier=com.yourcompany.OpenSampler",
					"JucePlugin_AAXManufacturerCode=JucePlugin_ManufacturerCode",
					"JucePlugin_AAXProductId=JucePlugin_PluginCode",
					"JucePlugin_AAXCategory=2048",
					"JucePlugin_AAXDisableBypass=0",
					"JucePlugin_AAXDisableMultiMono=0",
					"JucePlugin_IAAType=0x61757269",
					"JucePlugin_IAASubType=JucePlugin_PluginCode",
					"JucePlugin_IAAName=\\\"yourcompany:\\ OpenSampler\\\"",
					"JucePlugin_VSTNumMidiInputs=16",
					"JucePlugin_VSTNumMidiOutputs=16",
					"JUCE_STANDALONE_APPLICATION=JucePlugin_Build_Standalone",
					"JUCER_XCODE_MAC_F6D2F4CF=1",
					"JUCE_APP_VERSION=1.0.0",
					"JUCE_APP_VERSION_HEX=0x10000",
				);
				GCC_VERSION = com.apple.compilers.llvm.clang.1_0;
				GENERATE_PKGINFO_FILE = YES;
				HEADER_SEARCH_PATHS = (
					"/Users/chasekanipe/Files/JUCE/modules/juce_audio_processors/format_types/VST3_SDK",
					"$(SRCROOT)/../../JuceLibraryCode",
					"/Users/chasekanipe/Files/JUCE/modules",
					"/Users/chasekanipe/Files/opensampler/faust/architecture/",
					"/Users/chasekanipe/Files/JUCE/modules/juce_audio_plugin_client",
					"$(inherited)",
				);
				INFOPLIST_FILE = Info-AU.plist;
				INFOPLIST_PREPROCESS = NO;
				INSTALL_PATH = "$(HOME)/Library/Audio/Plug-Ins/Components/";
				LIBRARY_STYLE = Bundle;
				LLVM_LTO = YES;
				MACOSX_DEPLOYMENT_TARGET = 10.11;
				MTL_HEADER_SEARCH_PATHS = (
					"/Users/chasekanipe/Files/JUCE/modules/juce_audio_processors/format_types/VST3_SDK",
					"$(SRCROOT)/../../JuceLibraryCode",
					"/Users/chasekanipe/Files/JUCE/modules",
					"/Users/chasekanipe/Files/opensampler/faust/architecture/",
					"/Users/chasekanipe/Files/JUCE/modules/juce_audio_plugin_client",
				);
				OTHER_LDFLAGS = "-bundle -lOpenSampler";
				OTHER_REZFLAGS = "-d ppc_$ppc -d i386_$i386 -d ppc64_$ppc64 -d x86_64_$x86_64 -I /System/Library/Frameworks/CoreServices.framework/Frameworks/CarbonCore.framework/Versions/A/Headers -I \"$(DEVELOPER_DIR)/Extras/CoreAudio/AudioUnits/AUPublic/AUBase\" -I \"$(DEVELOPER_DIR)/Platforms/MacOSX.platform/Developer/SDKs/MacOSX.sdk/System/Library/Frameworks/AudioUnit.framework/Headers\"";
				PRODUCT_BUNDLE_IDENTIFIER = com.yourcompany.OpenSampler;
				PRODUCT_NAME = "OpenSampler";
				USE_HEADERMAP = NO;
				VALID_ARCHS = "i386 x86_64 arm64 arm64e";
				WRAPPER_EXTENSION = component;
			};
			name = Release;
		};
		1E59D9E1C979B56C4B9100CF = {
			isa = XCBuildConfiguration;
			buildSettings = {
				CLANG_CXX_LANGUAGE_STANDARD = "c++14";
				CLANG_CXX_LIBRARY = "libc++";
				CLANG_LINK_OBJC_RUNTIME = NO;
				CODE_SIGN_IDENTITY = "";
				COMBINE_HIDPI_IMAGES = YES;
				CONFIGURATION_BUILD_DIR = "$(PROJECT_DIR)/build/$(CONFIGURATION)";
				COPY_PHASE_STRIP = NO;
				GCC_DYNAMIC_NO_PIC = NO;
				GCC_OPTIMIZATION_LEVEL = 0;
				GCC_PREPROCESSOR_DEFINITIONS = (
					"_DEBUG=1",
					"DEBUG=1",
					"JUCE_DISPLAY_SPLASH_SCREEN=1",
					"JUCE_USE_DARK_SPLASH_SCREEN=1",
					"JUCE_PROJUCER_VERSION=0x60007",
					"JUCE_MODULE_AVAILABLE_juce_audio_basics=1",
					"JUCE_MODULE_AVAILABLE_juce_audio_devices=1",
					"JUCE_MODULE_AVAILABLE_juce_audio_formats=1",
					"JUCE_MODULE_AVAILABLE_juce_audio_plugin_client=1",
					"JUCE_MODULE_AVAILABLE_juce_audio_processors=1",
					"JUCE_MODULE_AVAILABLE_juce_audio_utils=1",
					"JUCE_MODULE_AVAILABLE_juce_core=1",
					"JUCE_MODULE_AVAILABLE_juce_data_structures=1",
					"JUCE_MODULE_AVAILABLE_juce_events=1",
					"JUCE_MODULE_AVAILABLE_juce_graphics=1",
					"JUCE_MODULE_AVAILABLE_juce_gui_basics=1",
					"JUCE_MODULE_AVAILABLE_juce_gui_extra=1",
					"JUCE_GLOBAL_MODULE_SETTINGS_INCLUDED=1",
					"JUCE_VST3_CAN_REPLACE_VST2=0",
					"JUCE_STRICT_REFCOUNTEDPOINTER=1",
					"JucePlugin_Build_VST=0",
					"JucePlugin_Build_VST3=0",
					"JucePlugin_Build_AU=0",
					"JucePlugin_Build_AUv3=0",
					"JucePlugin_Build_RTAS=0",
					"JucePlugin_Build_AAX=0",
					"JucePlugin_Build_Standalone=1",
					"JucePlugin_Build_Unity=0",
					"JucePlugin_Enable_IAA=0",
					"JucePlugin_Name=\\\"OpenSampler\\\"",
					"JucePlugin_Desc=\\\"OpenSampler\\\"",
					"JucePlugin_Manufacturer=\\\"yourcompany\\\"",
					"JucePlugin_ManufacturerWebsite=\\\"\\\"",
					"JucePlugin_ManufacturerEmail=\\\"\\\"",
					"JucePlugin_ManufacturerCode=0x4d616e75",
					"JucePlugin_PluginCode=0x4b757639",
					"JucePlugin_IsSynth=1",
					"JucePlugin_WantsMidiInput=1",
					"JucePlugin_ProducesMidiOutput=0",
					"JucePlugin_IsMidiEffect=0",
					"JucePlugin_EditorRequiresKeyboardFocus=0",
					"JucePlugin_Version=1.0.0",
					"JucePlugin_VersionCode=0x10000",
					"JucePlugin_VersionString=\\\"1.0.0\\\"",
					"JucePlugin_VSTUniqueID=JucePlugin_PluginCode",
					"JucePlugin_VSTCategory=kPlugCategSynth",
					"JucePlugin_Vst3Category=\\\"Instrument|Synth\\\"",
					"JucePlugin_AUMainType='aumu'",
					"JucePlugin_AUSubType=JucePlugin_PluginCode",
					"JucePlugin_AUExportPrefix=OpenSamplerAU",
					"JucePlugin_AUExportPrefixQuoted=\\\"OpenSamplerAU\\\"",
					"JucePlugin_AUManufacturerCode=JucePlugin_ManufacturerCode",
					"JucePlugin_CFBundleIdentifier=com.yourcompany.OpenSampler",
					"JucePlugin_RTASCategory=2048",
					"JucePlugin_RTASManufacturerCode=JucePlugin_ManufacturerCode",
					"JucePlugin_RTASProductId=JucePlugin_PluginCode",
					"JucePlugin_RTASDisableBypass=0",
					"JucePlugin_RTASDisableMultiMono=0",
					"JucePlugin_AAXIdentifier=com.yourcompany.OpenSampler",
					"JucePlugin_AAXManufacturerCode=JucePlugin_ManufacturerCode",
					"JucePlugin_AAXProductId=JucePlugin_PluginCode",
					"JucePlugin_AAXCategory=2048",
					"JucePlugin_AAXDisableBypass=0",
					"JucePlugin_AAXDisableMultiMono=0",
					"JucePlugin_IAAType=0x61757269",
					"JucePlugin_IAASubType=JucePlugin_PluginCode",
					"JucePlugin_IAAName=\\\"yourcompany:\\ OpenSampler\\\"",
					"JucePlugin_VSTNumMidiInputs=16",
					"JucePlugin_VSTNumMidiOutputs=16",
					"JUCE_STANDALONE_APPLICATION=JucePlugin_Build_Standalone",
					"JUCER_XCODE_MAC_F6D2F4CF=1",
					"JUCE_APP_VERSION=1.0.0",
					"JUCE_APP_VERSION_HEX=0x10000",
				);
				GCC_VERSION = com.apple.compilers.llvm.clang.1_0;
				HEADER_SEARCH_PATHS = (
					"/Users/chasekanipe/Files/JUCE/modules/juce_audio_processors/format_types/VST3_SDK",
					"$(SRCROOT)/../../JuceLibraryCode",
					"/Users/chasekanipe/Files/JUCE/modules",
					"/Users/chasekanipe/Files/opensampler/faust/architecture/",
					"/Users/chasekanipe/Files/JUCE/modules/juce_audio_plugin_client",
					"$(inherited)",
				);
				INFOPLIST_FILE = Info-Standalone_Plugin.plist;
				INFOPLIST_PREPROCESS = NO;
				MACOSX_DEPLOYMENT_TARGET = 10.11;
				MTL_HEADER_SEARCH_PATHS = (
					"/Users/chasekanipe/Files/JUCE/modules/juce_audio_processors/format_types/VST3_SDK",
					"$(SRCROOT)/../../JuceLibraryCode",
					"/Users/chasekanipe/Files/JUCE/modules",
					"/Users/chasekanipe/Files/opensampler/faust/architecture/",
					"/Users/chasekanipe/Files/JUCE/modules/juce_audio_plugin_client",
				);
				OTHER_LDFLAGS = "-lOpenSampler";
				PRODUCT_BUNDLE_IDENTIFIER = com.yourcompany.OpenSampler;
				PRODUCT_NAME = "OpenSampler";
				USE_HEADERMAP = NO;
				VALID_ARCHS = "i386 x86_64 arm64 arm64e";
			};
			name = Debug;
		};
		8074767BFA523C0D3EC52798 = {
			isa = XCBuildConfiguration;
			buildSettings = {
				CLANG_CXX_LANGUAGE_STANDARD = "c++14";
				CLANG_CXX_LIBRARY = "libc++";
				CLANG_LINK_OBJC_RUNTIME = NO;
				CODE_SIGN_IDENTITY = "";
				COMBINE_HIDPI_IMAGES = YES;
				CONFIGURATION_BUILD_DIR = "$(PROJECT_DIR)/build/$(CONFIGURATION)";
				DEAD_CODE_STRIPPING = YES;
				GCC_GENERATE_DEBUGGING_SYMBOLS = NO;
				GCC_OPTIMIZATION_LEVEL = 3;
				GCC_PREPROCESSOR_DEFINITIONS = (
					"_NDEBUG=1",
					"NDEBUG=1",
					"JUCE_DISPLAY_SPLASH_SCREEN=1",
					"JUCE_USE_DARK_SPLASH_SCREEN=1",
					"JUCE_PROJUCER_VERSION=0x60007",
					"JUCE_MODULE_AVAILABLE_juce_audio_basics=1",
					"JUCE_MODULE_AVAILABLE_juce_audio_devices=1",
					"JUCE_MODULE_AVAILABLE_juce_audio_formats=1",
					"JUCE_MODULE_AVAILABLE_juce_audio_plugin_client=1",
					"JUCE_MODULE_AVAILABLE_juce_audio_processors=1",
					"JUCE_MODULE_AVAILABLE_juce_audio_utils=1",
					"JUCE_MODULE_AVAILABLE_juce_core=1",
					"JUCE_MODULE_AVAILABLE_juce_data_structures=1",
					"JUCE_MODULE_AVAILABLE_juce_events=1",
					"JUCE_MODULE_AVAILABLE_juce_graphics=1",
					"JUCE_MODULE_AVAILABLE_juce_gui_basics=1",
					"JUCE_MODULE_AVAILABLE_juce_gui_extra=1",
					"JUCE_GLOBAL_MODULE_SETTINGS_INCLUDED=1",
					"JUCE_VST3_CAN_REPLACE_VST2=0",
					"JUCE_STRICT_REFCOUNTEDPOINTER=1",
					"JucePlugin_Build_VST=0",
					"JucePlugin_Build_VST3=0",
					"JucePlugin_Build_AU=0",
					"JucePlugin_Build_AUv3=0",
					"JucePlugin_Build_RTAS=0",
					"JucePlugin_Build_AAX=0",
					"JucePlugin_Build_Standalone=1",
					"JucePlugin_Build_Unity=0",
					"JucePlugin_Enable_IAA=0",
					"JucePlugin_Name=\\\"OpenSampler\\\"",
					"JucePlugin_Desc=\\\"OpenSampler\\\"",
					"JucePlugin_Manufacturer=\\\"yourcompany\\\"",
					"JucePlugin_ManufacturerWebsite=\\\"\\\"",
					"JucePlugin_ManufacturerEmail=\\\"\\\"",
					"JucePlugin_ManufacturerCode=0x4d616e75",
					"JucePlugin_PluginCode=0x4b757639",
					"JucePlugin_IsSynth=1",
					"JucePlugin_WantsMidiInput=1",
					"JucePlugin_ProducesMidiOutput=0",
					"JucePlugin_IsMidiEffect=0",
					"JucePlugin_EditorRequiresKeyboardFocus=0",
					"JucePlugin_Version=1.0.0",
					"JucePlugin_VersionCode=0x10000",
					"JucePlugin_VersionString=\\\"1.0.0\\\"",
					"JucePlugin_VSTUniqueID=JucePlugin_PluginCode",
					"JucePlugin_VSTCategory=kPlugCategSynth",
					"JucePlugin_Vst3Category=\\\"Instrument|Synth\\\"",
					"JucePlugin_AUMainType='aumu'",
					"JucePlugin_AUSubType=JucePlugin_PluginCode",
					"JucePlugin_AUExportPrefix=OpenSamplerAU",
					"JucePlugin_AUExportPrefixQuoted=\\\"OpenSamplerAU\\\"",
					"JucePlugin_AUManufacturerCode=JucePlugin_ManufacturerCode",
					"JucePlugin_CFBundleIdentifier=com.yourcompany.OpenSampler",
					"JucePlugin_RTASCategory=2048",
					"JucePlugin_RTASManufacturerCode=JucePlugin_ManufacturerCode",
					"JucePlugin_RTASProductId=JucePlugin_PluginCode",
					"JucePlugin_RTASDisableBypass=0",
					"JucePlugin_RTASDisableMultiMono=0",
					"JucePlugin_AAXIdentifier=com.yourcompany.OpenSampler",
					"JucePlugin_AAXManufacturerCode=JucePlugin_ManufacturerCode",
					"JucePlugin_AAXProductId=JucePlugin_PluginCode",
					"JucePlugin_AAXCategory=2048",
					"JucePlugin_AAXDisableBypass=0",
					"JucePlugin_AAXDisableMultiMono=0",
					"JucePlugin_IAAType=0x61757269",
					"JucePlugin_IAASubType=JucePlugin_PluginCode",
					"JucePlugin_IAAName=\\\"yourcompany:\\ OpenSampler\\\"",
					"JucePlugin_VSTNumMidiInputs=16",
					"JucePlugin_VSTNumMidiOutputs=16",
					"JUCE_STANDALONE_APPLICATION=JucePlugin_Build_Standalone",
					"JUCER_XCODE_MAC_F6D2F4CF=1",
					"JUCE_APP_VERSION=1.0.0",
					"JUCE_APP_VERSION_HEX=0x10000",
				);
				GCC_VERSION = com.apple.compilers.llvm.clang.1_0;
				HEADER_SEARCH_PATHS = (
					"/Users/chasekanipe/Files/JUCE/modules/juce_audio_processors/format_types/VST3_SDK",
					"$(SRCROOT)/../../JuceLibraryCode",
					"/Users/chasekanipe/Files/JUCE/modules",
					"/Users/chasekanipe/Files/opensampler/faust/architecture/",
					"/Users/chasekanipe/Files/JUCE/modules/juce_audio_plugin_client",
					"$(inherited)",
				);
				INFOPLIST_FILE = Info-Standalone_Plugin.plist;
				INFOPLIST_PREPROCESS = NO;
				LLVM_LTO = YES;
				MACOSX_DEPLOYMENT_TARGET = 10.11;
				MTL_HEADER_SEARCH_PATHS = (
					"/Users/chasekanipe/Files/JUCE/modules/juce_audio_processors/format_types/VST3_SDK",
					"$(SRCROOT)/../../JuceLibraryCode",
					"/Users/chasekanipe/Files/JUCE/modules",
					"/Users/chasekanipe/Files/opensampler/faust/architecture/",
					"/Users/chasekanipe/Files/JUCE/modules/juce_audio_plugin_client",
				);
				OTHER_LDFLAGS = "-lOpenSampler";
				PRODUCT_BUNDLE_IDENTIFIER = com.yourcompany.OpenSampler;
				PRODUCT_NAME = "OpenSampler";
				USE_HEADERMAP = NO;
				VALID_ARCHS = "i386 x86_64 arm64 arm64e";
			};
			name = Release;
		};
		CB9A26C6832DBBD0F4DD564C = {
			isa = XCBuildConfiguration;
			buildSettings = {
				CLANG_CXX_LANGUAGE_STANDARD = "c++14";
				CLANG_CXX_LIBRARY = "libc++";
				CLANG_LINK_OBJC_RUNTIME = NO;
				CODE_SIGN_IDENTITY = "";
				COMBINE_HIDPI_IMAGES = YES;
				CONFIGURATION_BUILD_DIR = "$(PROJECT_DIR)/build/$(CONFIGURATION)";
				COPY_PHASE_STRIP = NO;
				GCC_DYNAMIC_NO_PIC = NO;
				GCC_OPTIMIZATION_LEVEL = 0;
				GCC_PREPROCESSOR_DEFINITIONS = (
					"_DEBUG=1",
					"DEBUG=1",
					"JUCE_DISPLAY_SPLASH_SCREEN=1",
					"JUCE_USE_DARK_SPLASH_SCREEN=1",
					"JUCE_PROJUCER_VERSION=0x60007",
					"JUCE_MODULE_AVAILABLE_juce_audio_basics=1",
					"JUCE_MODULE_AVAILABLE_juce_audio_devices=1",
					"JUCE_MODULE_AVAILABLE_juce_audio_formats=1",
					"JUCE_MODULE_AVAILABLE_juce_audio_plugin_client=1",
					"JUCE_MODULE_AVAILABLE_juce_audio_processors=1",
					"JUCE_MODULE_AVAILABLE_juce_audio_utils=1",
					"JUCE_MODULE_AVAILABLE_juce_core=1",
					"JUCE_MODULE_AVAILABLE_juce_data_structures=1",
					"JUCE_MODULE_AVAILABLE_juce_events=1",
					"JUCE_MODULE_AVAILABLE_juce_graphics=1",
					"JUCE_MODULE_AVAILABLE_juce_gui_basics=1",
					"JUCE_MODULE_AVAILABLE_juce_gui_extra=1",
					"JUCE_GLOBAL_MODULE_SETTINGS_INCLUDED=1",
					"JUCE_VST3_CAN_REPLACE_VST2=0",
					"JUCE_STRICT_REFCOUNTEDPOINTER=1",
					"JucePlugin_Build_VST=0",
					"JucePlugin_Build_VST3=1",
					"JucePlugin_Build_AU=1",
					"JucePlugin_Build_AUv3=0",
					"JucePlugin_Build_RTAS=0",
					"JucePlugin_Build_AAX=0",
					"JucePlugin_Build_Standalone=1",
					"JucePlugin_Build_Unity=0",
					"JucePlugin_Enable_IAA=0",
					"JucePlugin_Name=\\\"OpenSampler\\\"",
					"JucePlugin_Desc=\\\"OpenSampler\\\"",
					"JucePlugin_Manufacturer=\\\"yourcompany\\\"",
					"JucePlugin_ManufacturerWebsite=\\\"\\\"",
					"JucePlugin_ManufacturerEmail=\\\"\\\"",
					"JucePlugin_ManufacturerCode=0x4d616e75",
					"JucePlugin_PluginCode=0x4b757639",
					"JucePlugin_IsSynth=1",
					"JucePlugin_WantsMidiInput=1",
					"JucePlugin_ProducesMidiOutput=0",
					"JucePlugin_IsMidiEffect=0",
					"JucePlugin_EditorRequiresKeyboardFocus=0",
					"JucePlugin_Version=1.0.0",
					"JucePlugin_VersionCode=0x10000",
					"JucePlugin_VersionString=\\\"1.0.0\\\"",
					"JucePlugin_VSTUniqueID=JucePlugin_PluginCode",
					"JucePlugin_VSTCategory=kPlugCategSynth",
					"JucePlugin_Vst3Category=\\\"Instrument|Synth\\\"",
					"JucePlugin_AUMainType='aumu'",
					"JucePlugin_AUSubType=JucePlugin_PluginCode",
					"JucePlugin_AUExportPrefix=OpenSamplerAU",
					"JucePlugin_AUExportPrefixQuoted=\\\"OpenSamplerAU\\\"",
					"JucePlugin_AUManufacturerCode=JucePlugin_ManufacturerCode",
					"JucePlugin_CFBundleIdentifier=com.yourcompany.OpenSampler",
					"JucePlugin_RTASCategory=2048",
					"JucePlugin_RTASManufacturerCode=JucePlugin_ManufacturerCode",
					"JucePlugin_RTASProductId=JucePlugin_PluginCode",
					"JucePlugin_RTASDisableBypass=0",
					"JucePlugin_RTASDisableMultiMono=0",
					"JucePlugin_AAXIdentifier=com.yourcompany.OpenSampler",
					"JucePlugin_AAXManufacturerCode=JucePlugin_ManufacturerCode",
					"JucePlugin_AAXProductId=JucePlugin_PluginCode",
					"JucePlugin_AAXCategory=2048",
					"JucePlugin_AAXDisableBypass=0",
					"JucePlugin_AAXDisableMultiMono=0",
					"JucePlugin_IAAType=0x61757269",
					"JucePlugin_IAASubType=JucePlugin_PluginCode",
					"JucePlugin_IAAName=\\\"yourcompany:\\ OpenSampler\\\"",
					"JucePlugin_VSTNumMidiInputs=16",
					"JucePlugin_VSTNumMidiOutputs=16",
					"JUCE_STANDALONE_APPLICATION=JucePlugin_Build_Standalone",
					"JUCER_XCODE_MAC_F6D2F4CF=1",
					"JUCE_APP_VERSION=1.0.0",
					"JUCE_APP_VERSION_HEX=0x10000",
					"JUCE_SHARED_CODE=1",
				);
				GCC_VERSION = com.apple.compilers.llvm.clang.1_0;
				HEADER_SEARCH_PATHS = (
					"/Users/chasekanipe/Files/JUCE/modules/juce_audio_processors/format_types/VST3_SDK",
					"$(SRCROOT)/../../JuceLibraryCode",
					"/Users/chasekanipe/Files/JUCE/modules",
					"/Users/chasekanipe/Files/opensampler/faust/architecture/",
					"/Users/chasekanipe/Files/JUCE/modules/juce_audio_plugin_client",
					"$(inherited)",
				);
				INSTALL_PATH = "@executable_path/../Frameworks";
				MACOSX_DEPLOYMENT_TARGET = 10.11;
				MTL_HEADER_SEARCH_PATHS = (
					"/Users/chasekanipe/Files/JUCE/modules/juce_audio_processors/format_types/VST3_SDK",
					"$(SRCROOT)/../../JuceLibraryCode",
					"/Users/chasekanipe/Files/JUCE/modules",
					"/Users/chasekanipe/Files/opensampler/faust/architecture/",
					"/Users/chasekanipe/Files/JUCE/modules/juce_audio_plugin_client",
				);
				PRODUCT_BUNDLE_IDENTIFIER = com.yourcompany.OpenSampler;
				PRODUCT_NAME = "OpenSampler";
				SKIP_INSTALL = YES;
				USE_HEADERMAP = NO;
				VALID_ARCHS = "i386 x86_64 arm64 arm64e";
			};
			name = Debug;
		};
		809E0B04832280FA4BE73C38 = {
			isa = XCBuildConfiguration;
			buildSettings = {
				CLANG_CXX_LANGUAGE_STANDARD = "c++14";
				CLANG_CXX_LIBRARY = "libc++";
				CLANG_LINK_OBJC_RUNTIME = NO;
				CODE_SIGN_IDENTITY = "";
				COMBINE_HIDPI_IMAGES = YES;
				CONFIGURATION_BUILD_DIR = "$(PROJECT_DIR)/build/$(CONFIGURATION)";
				DEAD_CODE_STRIPPING = YES;
				GCC_GENERATE_DEBUGGING_SYMBOLS = NO;
				GCC_OPTIMIZATION_LEVEL = 3;
				GCC_PREPROCESSOR_DEFINITIONS = (
					"_NDEBUG=1",
					"NDEBUG=1",
					"JUCE_DISPLAY_SPLASH_SCREEN=1",
					"JUCE_USE_DARK_SPLASH_SCREEN=1",
					"JUCE_PROJUCER_VERSION=0x60007",
					"JUCE_MODULE_AVAILABLE_juce_audio_basics=1",
					"JUCE_MODULE_AVAILABLE_juce_audio_devices=1",
					"JUCE_MODULE_AVAILABLE_juce_audio_formats=1",
					"JUCE_MODULE_AVAILABLE_juce_audio_plugin_client=1",
					"JUCE_MODULE_AVAILABLE_juce_audio_processors=1",
					"JUCE_MODULE_AVAILABLE_juce_audio_utils=1",
					"JUCE_MODULE_AVAILABLE_juce_core=1",
					"JUCE_MODULE_AVAILABLE_juce_data_structures=1",
					"JUCE_MODULE_AVAILABLE_juce_events=1",
					"JUCE_MODULE_AVAILABLE_juce_graphics=1",
					"JUCE_MODULE_AVAILABLE_juce_gui_basics=1",
					"JUCE_MODULE_AVAILABLE_juce_gui_extra=1",
					"JUCE_GLOBAL_MODULE_SETTINGS_INCLUDED=1",
					"JUCE_VST3_CAN_REPLACE_VST2=0",
					"JUCE_STRICT_REFCOUNTEDPOINTER=1",
					"JucePlugin_Build_VST=0",
					"JucePlugin_Build_VST3=1",
					"JucePlugin_Build_AU=1",
					"JucePlugin_Build_AUv3=0",
					"JucePlugin_Build_RTAS=0",
					"JucePlugin_Build_AAX=0",
					"JucePlugin_Build_Standalone=1",
					"JucePlugin_Build_Unity=0",
					"JucePlugin_Enable_IAA=0",
					"JucePlugin_Name=\\\"OpenSampler\\\"",
					"JucePlugin_Desc=\\\"OpenSampler\\\"",
					"JucePlugin_Manufacturer=\\\"yourcompany\\\"",
					"JucePlugin_ManufacturerWebsite=\\\"\\\"",
					"JucePlugin_ManufacturerEmail=\\\"\\\"",
					"JucePlugin_ManufacturerCode=0x4d616e75",
					"JucePlugin_PluginCode=0x4b757639",
					"JucePlugin_IsSynth=1",
					"JucePlugin_WantsMidiInput=1",
					"JucePlugin_ProducesMidiOutput=0",
					"JucePlugin_IsMidiEffect=0",
					"JucePlugin_EditorRequiresKeyboardFocus=0",
					"JucePlugin_Version=1.0.0",
					"JucePlugin_VersionCode=0x10000",
					"JucePlugin_VersionString=\\\"1.0.0\\\"",
					"JucePlugin_VSTUniqueID=JucePlugin_PluginCode",
					"JucePlugin_VSTCategory=kPlugCategSynth",
					"JucePlugin_Vst3Category=\\\"Instrument|Synth\\\"",
					"JucePlugin_AUMainType='aumu'",
					"JucePlugin_AUSubType=JucePlugin_PluginCode",
					"JucePlugin_AUExportPrefix=OpenSamplerAU",
					"JucePlugin_AUExportPrefixQuoted=\\\"OpenSamplerAU\\\"",
					"JucePlugin_AUManufacturerCode=JucePlugin_ManufacturerCode",
					"JucePlugin_CFBundleIdentifier=com.yourcompany.OpenSampler",
					"JucePlugin_RTASCategory=2048",
					"JucePlugin_RTASManufacturerCode=JucePlugin_ManufacturerCode",
					"JucePlugin_RTASProductId=JucePlugin_PluginCode",
					"JucePlugin_RTASDisableBypass=0",
					"JucePlugin_RTASDisableMultiMono=0",
					"JucePlugin_AAXIdentifier=com.yourcompany.OpenSampler",
					"JucePlugin_AAXManufacturerCode=JucePlugin_ManufacturerCode",
					"JucePlugin_AAXProductId=JucePlugin_PluginCode",
					"JucePlugin_AAXCategory=2048",
					"JucePlugin_AAXDisableBypass=0",
					"JucePlugin_AAXDisableMultiMono=0",
					"JucePlugin_IAAType=0x61757269",
					"JucePlugin_IAASubType=JucePlugin_PluginCode",
					"JucePlugin_IAAName=\\\"yourcompany:\\ OpenSampler\\\"",
					"JucePlugin_VSTNumMidiInputs=16",
					"JucePlugin_VSTNumMidiOutputs=16",
					"JUCE_STANDALONE_APPLICATION=JucePlugin_Build_Standalone",
					"JUCER_XCODE_MAC_F6D2F4CF=1",
					"JUCE_APP_VERSION=1.0.0",
					"JUCE_APP_VERSION_HEX=0x10000",
					"JUCE_SHARED_CODE=1",
				);
				GCC_VERSION = com.apple.compilers.llvm.clang.1_0;
				HEADER_SEARCH_PATHS = (
					"/Users/chasekanipe/Files/JUCE/modules/juce_audio_processors/format_types/VST3_SDK",
					"$(SRCROOT)/../../JuceLibraryCode",
					"/Users/chasekanipe/Files/JUCE/modules",
					"/Users/chasekanipe/Files/opensampler/faust/architecture/",
					"/Users/chasekanipe/Files/JUCE/modules/juce_audio_plugin_client",
					"$(inherited)",
				);
				INSTALL_PATH = "@executable_path/../Frameworks";
				LLVM_LTO = YES;
				MACOSX_DEPLOYMENT_TARGET = 10.11;
				MTL_HEADER_SEARCH_PATHS = (
					"/Users/chasekanipe/Files/JUCE/modules/juce_audio_processors/format_types/VST3_SDK",
					"$(SRCROOT)/../../JuceLibraryCode",
					"/Users/chasekanipe/Files/JUCE/modules",
					"/Users/chasekanipe/Files/opensampler/faust/architecture/",
					"/Users/chasekanipe/Files/JUCE/modules/juce_audio_plugin_client",
				);
				PRODUCT_BUNDLE_IDENTIFIER = com.yourcompany.OpenSampler;
				PRODUCT_NAME = "OpenSampler";
				SKIP_INSTALL = YES;
				USE_HEADERMAP = NO;
				VALID_ARCHS = "i386 x86_64 arm64 arm64e";
			};
			name = Release;
		};
		024E6E3343A6F81717641560 = {
			isa = XCBuildConfiguration;
			buildSettings = {
				ALWAYS_SEARCH_USER_PATHS = NO;
				CLANG_ENABLE_OBJC_WEAK = YES;
				CLANG_WARN_BLOCK_CAPTURE_AUTORELEASING = YES;
				CLANG_WARN_BOOL_CONVERSION = YES;
				CLANG_WARN_COMMA = YES;
				CLANG_WARN_CONSTANT_CONVERSION = YES;
				CLANG_WARN_DEPRECATED_OBJC_IMPLEMENTATIONS = YES;
				CLANG_WARN_EMPTY_BODY = YES;
				CLANG_WARN_ENUM_CONVERSION = YES;
				CLANG_WARN_INFINITE_RECURSION = YES;
				CLANG_WARN_INT_CONVERSION = YES;
				CLANG_WARN_NON_LITERAL_NULL_CONVERSION = YES;
				CLANG_WARN_OBJC_IMPLICIT_RETAIN_SELF = YES;
				CLANG_WARN_OBJC_LITERAL_CONVERSION = YES;
				CLANG_WARN_RANGE_LOOP_ANALYSIS = YES;
				CLANG_WARN_STRICT_PROTOTYPES = YES;
				CLANG_WARN_SUSPICIOUS_MOVE = YES;
				CLANG_WARN_UNREACHABLE_CODE = YES;
				CLANG_WARN__DUPLICATE_METHOD_MATCH = YES;
				CODE_SIGN_IDENTITY = "";
				DEBUG_INFORMATION_FORMAT = dwarf;
				ENABLE_STRICT_OBJC_MSGSEND = YES;
				ENABLE_TESTABILITY = NO;
				GCC_C_LANGUAGE_STANDARD = c11;
				GCC_INLINES_ARE_PRIVATE_EXTERN = YES;
				GCC_MODEL_TUNING = G5;
				GCC_NO_COMMON_BLOCKS = YES;
				GCC_SYMBOLS_PRIVATE_EXTERN = YES;
				GCC_WARN_64_TO_32_BIT_CONVERSION = YES;
				GCC_WARN_ABOUT_RETURN_TYPE = YES;
				GCC_WARN_CHECK_SWITCH_STATEMENTS = YES;
				GCC_WARN_MISSING_PARENTHESES = YES;
				GCC_WARN_NON_VIRTUAL_DESTRUCTOR = YES;
				GCC_WARN_TYPECHECK_CALLS_TO_PRINTF = YES;
				GCC_WARN_UNDECLARED_SELECTOR = YES;
				GCC_WARN_UNINITIALIZED_AUTOS = YES;
				GCC_WARN_UNUSED_FUNCTION = YES;
				GCC_WARN_UNUSED_VARIABLE = YES;
				ONLY_ACTIVE_ARCH = YES;
				PRODUCT_NAME = "OpenSampler";
				SDKROOT = macosx;
				WARNING_CFLAGS = "-Wreorder";
				ZERO_LINK = NO;
			};
			name = Debug;
		};
		E11A15604B618023C2686581 = {
			isa = XCBuildConfiguration;
			buildSettings = {
				ALWAYS_SEARCH_USER_PATHS = NO;
				CLANG_ENABLE_OBJC_WEAK = YES;
				CLANG_WARN_BLOCK_CAPTURE_AUTORELEASING = YES;
				CLANG_WARN_BOOL_CONVERSION = YES;
				CLANG_WARN_COMMA = YES;
				CLANG_WARN_CONSTANT_CONVERSION = YES;
				CLANG_WARN_DEPRECATED_OBJC_IMPLEMENTATIONS = YES;
				CLANG_WARN_EMPTY_BODY = YES;
				CLANG_WARN_ENUM_CONVERSION = YES;
				CLANG_WARN_INFINITE_RECURSION = YES;
				CLANG_WARN_INT_CONVERSION = YES;
				CLANG_WARN_NON_LITERAL_NULL_CONVERSION = YES;
				CLANG_WARN_OBJC_IMPLICIT_RETAIN_SELF = YES;
				CLANG_WARN_OBJC_LITERAL_CONVERSION = YES;
				CLANG_WARN_RANGE_LOOP_ANALYSIS = YES;
				CLANG_WARN_STRICT_PROTOTYPES = YES;
				CLANG_WARN_SUSPICIOUS_MOVE = YES;
				CLANG_WARN_UNREACHABLE_CODE = YES;
				CLANG_WARN__DUPLICATE_METHOD_MATCH = YES;
				CODE_SIGN_IDENTITY = "";
				DEBUG_INFORMATION_FORMAT = dwarf;
				ENABLE_STRICT_OBJC_MSGSEND = YES;
				ENABLE_TESTABILITY = NO;
				GCC_C_LANGUAGE_STANDARD = c11;
				GCC_INLINES_ARE_PRIVATE_EXTERN = YES;
				GCC_MODEL_TUNING = G5;
				GCC_NO_COMMON_BLOCKS = YES;
				GCC_SYMBOLS_PRIVATE_EXTERN = YES;
				GCC_WARN_64_TO_32_BIT_CONVERSION = YES;
				GCC_WARN_ABOUT_RETURN_TYPE = YES;
				GCC_WARN_CHECK_SWITCH_STATEMENTS = YES;
				GCC_WARN_MISSING_PARENTHESES = YES;
				GCC_WARN_NON_VIRTUAL_DESTRUCTOR = YES;
				GCC_WARN_TYPECHECK_CALLS_TO_PRINTF = YES;
				GCC_WARN_UNDECLARED_SELECTOR = YES;
				GCC_WARN_UNINITIALIZED_AUTOS = YES;
				GCC_WARN_UNUSED_FUNCTION = YES;
				GCC_WARN_UNUSED_VARIABLE = YES;
				PRODUCT_NAME = "OpenSampler";
				SDKROOT = macosx;
				WARNING_CFLAGS = "-Wreorder";
				ZERO_LINK = NO;
			};
			name = Release;
		};
		B40B2DA2837729FE37CA9923 = {
			isa = XCConfigurationList;
			buildConfigurations = (
				024E6E3343A6F81717641560,
				E11A15604B618023C2686581,
			);
			defaultConfigurationIsVisible = 0;
			defaultConfigurationName = Debug;
		};
		F2D495A5886A624EFEBE653D = {
			isa = XCConfigurationList;
			buildConfigurations = (
				6E189E1643373863C103E912,
				C81935077512ACCF2B738813,
			);
			defaultConfigurationIsVisible = 0;
			defaultConfigurationName = Debug;
		};
		09F0C0C01863318495B568D0 = {
			isa = PBXAggregateTarget;
			buildConfigurationList = F2D495A5886A624EFEBE653D;
			buildPhases = ( );
			buildRules = ( );
			dependencies = (
				FF55332EC60D0EC87BD59DF1,
				D88CF0FE7EE9F1853F76E7BE,
				9B689C82D324807E070EC257,
				E325B76A367F8B7FBCA637B6,
			);
			name = "OpenSampler - All";
			productName = OpenSampler;
		};
		6FC2EDE3A58A8D73A132F628 = {
			isa = XCConfigurationList;
			buildConfigurations = (
				0C847E809CDE0F6684139A10,
				41805A900E4C1B3BE94773C0,
			);
			defaultConfigurationIsVisible = 0;
			defaultConfigurationName = Debug;
		};
		3703BE0E522FB1E409C1C929 = {
			isa = PBXResourcesBuildPhase;
			buildActionMask = 2147483647;
			files = (
				5A35316CE5ED88980D3C5A21,
			);
			runOnlyForDeploymentPostprocessing = 0;
		};
		2DCE660E13EA347E7E240A3D = {
			isa = PBXSourcesBuildPhase;
			buildActionMask = 2147483647;
			files = (
				B16390DC80DCB2B449CBB0A4,
			);
			runOnlyForDeploymentPostprocessing = 0;
		};
		43BFECA0E6945B940AE1FF2C = {
			isa = PBXFrameworksBuildPhase;
			buildActionMask = 2147483647;
			files = (
				9A79EE0208F4DFE5606ACC96,
				BEFBAEDBDA774263B0040CEC,
				7172A99DEC5062D59F34E2E8,
				DEACD50E3CA2E0FBCB4B9077,
				0F37A016D502D08FA888EBFE,
				21AB32874CA0B48C1D123853,
				FF4E5670CDC69FE4C687BA35,
				E8CEDD29ACC8BF469269C00B,
				9CEEEB7C97B3AC25C4D305EF,
				53B5C904CD4A991C7FCDCD3A,
				88522B1EB71DC8D03AAEB9D9,
				11EF7E97B8420D0AD5BFB54D,
			);
			runOnlyForDeploymentPostprocessing = 0;
		};
		4E4279A054C72969FD491E32 = {
			isa = PBXNativeTarget;
			buildConfigurationList = 6FC2EDE3A58A8D73A132F628;
			buildPhases = (
				3703BE0E522FB1E409C1C929,
				2DCE660E13EA347E7E240A3D,
				43BFECA0E6945B940AE1FF2C,
			);
			buildRules = ( );
			dependencies = (
				6212D90046103760661ECF9D,
			);
			name = "OpenSampler - VST3";
			productName = OpenSampler;
			productReference = CFEC6DEE09E57F43C2F579C4;
			productType = "com.apple.product-type.bundle";
		};
		C561AC37EBBF1DA7143C0AD1 = {
			isa = XCConfigurationList;
			buildConfigurations = (
				5409F78D38EEF7965D21DE8E,
				02DA48F3E09DCEE912349127,
			);
			defaultConfigurationIsVisible = 0;
			defaultConfigurationName = Debug;
		};
		FD55D3B9C6187D3078A60513 = {
			isa = PBXResourcesBuildPhase;
			buildActionMask = 2147483647;
			files = (
				5A35316CE5ED88980D3C5A21,
			);
			runOnlyForDeploymentPostprocessing = 0;
		};
		2A06C01424152CDA79AC6202 = {
			isa = PBXRezBuildPhase;
			buildActionMask = 2147483647;
			files = (
				F6021862A836955DF52DCDD8,
			);
			runOnlyForDeploymentPostprocessing = 0;
		};
		38BA21FD3DFE3BDA8C90821F = {
			isa = PBXSourcesBuildPhase;
			buildActionMask = 2147483647;
			files = (
				740CF07E487AE86241C572DC,
				0B8C48D040D3F917544174C2,
			);
			runOnlyForDeploymentPostprocessing = 0;
		};
		38262E934543A7434AE8CF74 = {
			isa = PBXFrameworksBuildPhase;
			buildActionMask = 2147483647;
			files = (
				A9487953610D06F8EEF6AC42,
				9A79EE0208F4DFE5606ACC96,
				BEFBAEDBDA774263B0040CEC,
				7172A99DEC5062D59F34E2E8,
				DEACD50E3CA2E0FBCB4B9077,
				0F37A016D502D08FA888EBFE,
				21AB32874CA0B48C1D123853,
				FF4E5670CDC69FE4C687BA35,
				E8CEDD29ACC8BF469269C00B,
				9CEEEB7C97B3AC25C4D305EF,
				53B5C904CD4A991C7FCDCD3A,
				88522B1EB71DC8D03AAEB9D9,
				11EF7E97B8420D0AD5BFB54D,
			);
			runOnlyForDeploymentPostprocessing = 0;
		};
		3D2A871320FE4ABABF165A89 = {
			isa = PBXNativeTarget;
			buildConfigurationList = C561AC37EBBF1DA7143C0AD1;
			buildPhases = (
				FD55D3B9C6187D3078A60513,
				2A06C01424152CDA79AC6202,
				38BA21FD3DFE3BDA8C90821F,
				38262E934543A7434AE8CF74,
			);
			buildRules = ( );
			dependencies = (
				DD001DE60B24E146B2212B04,
			);
			name = "OpenSampler - AU";
			productName = OpenSampler;
			productReference = A26C5E071026439027F431C7;
			productType = "com.apple.product-type.bundle";
		};
		787618D689EAA4DB21B3C9CB = {
			isa = XCConfigurationList;
			buildConfigurations = (
				1E59D9E1C979B56C4B9100CF,
				8074767BFA523C0D3EC52798,
			);
			defaultConfigurationIsVisible = 0;
			defaultConfigurationName = Debug;
		};
		849AC6B4EF406D507F92E376 = {
			isa = PBXResourcesBuildPhase;
			buildActionMask = 2147483647;
			files = (
				5A35316CE5ED88980D3C5A21,
			);
			runOnlyForDeploymentPostprocessing = 0;
		};
		E8CC0D766E8B2B62D29400D4 = {
			isa = PBXSourcesBuildPhase;
			buildActionMask = 2147483647;
			files = (
				3BB290FE9271375926404E9E,
			);
			runOnlyForDeploymentPostprocessing = 0;
		};
		A07D86DF38A25D3A73FAD82D = {
			isa = PBXFrameworksBuildPhase;
			buildActionMask = 2147483647;
			files = (
				9A79EE0208F4DFE5606ACC96,
				BEFBAEDBDA774263B0040CEC,
				7172A99DEC5062D59F34E2E8,
				DEACD50E3CA2E0FBCB4B9077,
				0F37A016D502D08FA888EBFE,
				21AB32874CA0B48C1D123853,
				FF4E5670CDC69FE4C687BA35,
				E8CEDD29ACC8BF469269C00B,
				9CEEEB7C97B3AC25C4D305EF,
				53B5C904CD4A991C7FCDCD3A,
				88522B1EB71DC8D03AAEB9D9,
				11EF7E97B8420D0AD5BFB54D,
			);
			runOnlyForDeploymentPostprocessing = 0;
		};
		0D7127A0D39BDCC374EF7314 = {
			isa = PBXNativeTarget;
			buildConfigurationList = 787618D689EAA4DB21B3C9CB;
			buildPhases = (
				849AC6B4EF406D507F92E376,
				E8CC0D766E8B2B62D29400D4,
				A07D86DF38A25D3A73FAD82D,
			);
			buildRules = ( );
			dependencies = (
				79A1AFB0378776166D9021D4,
			);
			name = "OpenSampler - Standalone Plugin";
			productName = OpenSampler;
			productReference = 9122FE4A99D84F066192DD41;
			productType = "com.apple.product-type.application";
		};
		CA8F9734898B5F433FD7EBD2 = {
			isa = XCConfigurationList;
			buildConfigurations = (
				CB9A26C6832DBBD0F4DD564C,
				809E0B04832280FA4BE73C38,
			);
			defaultConfigurationIsVisible = 0;
			defaultConfigurationName = Debug;
		};
		39011BDAD409EC93CCDB3601 = {
			isa = PBXSourcesBuildPhase;
			buildActionMask = 2147483647;
			files = (
				D0510717629E73CF2A5EC1C6,
				6F75D702D1FFF9CCD9B3D6CF,
				587F904ED2596310A790987D,
				DB6210FBD213FDA7882FF275,
				72D00FE7A2386D4B953E645E,
				CB3DD563E9A6BB8934C50444,
				FE8E8F66C88A83E24F23994E,
				A57A6AB0D41538BBD31886BA,
				818BAAD29A41F9B0489E27D6,
				C35D10819F8A13BA893494D7,
				F5E7DD9730E5B1F7E5BE7326,
				3F9474727D79338FE7F7BF76,
				E06CB69DD96B8BCFFF47F1EC,
				33BE692E89C581B74A03DD88,
				189484EBD2AEF7C6C33CB4BE,
				E42FEBB8480BBF0D25A98128,
				BFE6AA130B8168B3368699B3,
				AED5DD911EC68A7E35CB862B,
				048CFFDF173C6D8A64C29524,
				195F65B03DF2F326CD26A023,
				2364D695640A353985C1C2A1,
				BD7B0BCA5D0712FB747A8765,
				968FF76398A0C5F283E7C3E5,
				E53C44124259DE18EFCD54FC,
				B7EF5E76B1FA39EB88BDA787,
				A31C13DFA5DBB9237699C8F2,
				E6CE105B6FB3A05F5BCB9341,
				969030802EB2870F54BF60EF,
				CF910FBFB4227A029B5938A6,
			);
			runOnlyForDeploymentPostprocessing = 0;
		};
		8602A468E7B12948E68C9C1D = {
			isa = PBXNativeTarget;
			buildConfigurationList = CA8F9734898B5F433FD7EBD2;
			buildPhases = (
				39011BDAD409EC93CCDB3601,
			);
			buildRules = ( );
			dependencies = ( );
			name = "OpenSampler - Shared Code";
			productName = OpenSampler;
			productReference = 9E1149363F56BF836B7C42EE;
			productType = "com.apple.product-type.library.static";
		};
		0E9D8F31AF37E421793DF6D3 = {
			isa = PBXProject;
			buildConfigurationList = B40B2DA2837729FE37CA9923;
			attributes = { LastUpgradeCheck = 1230; ORGANIZATIONNAME = ""; TargetAttributes = { 09F0C0C01863318495B568D0 = { SystemCapabilities = {com.apple.ApplicationGroups.iOS = { enabled = 0; }; com.apple.InAppPurchase = { enabled = 0; }; com.apple.InterAppAudio = { enabled = 0; }; com.apple.Push = { enabled = 0; }; com.apple.Sandbox = { enabled = 0; }; com.apple.HardenedRuntime = { enabled = 0; }; }; };4E4279A054C72969FD491E32 = { SystemCapabilities = {com.apple.ApplicationGroups.iOS = { enabled = 0; }; com.apple.InAppPurchase = { enabled = 0; }; com.apple.InterAppAudio = { enabled = 0; }; com.apple.Push = { enabled = 0; }; com.apple.Sandbox = { enabled = 0; }; com.apple.HardenedRuntime = { enabled = 0; }; }; };3D2A871320FE4ABABF165A89 = { SystemCapabilities = {com.apple.ApplicationGroups.iOS = { enabled = 0; }; com.apple.InAppPurchase = { enabled = 0; }; com.apple.InterAppAudio = { enabled = 0; }; com.apple.Push = { enabled = 0; }; com.apple.Sandbox = { enabled = 0; }; com.apple.HardenedRuntime = { enabled = 0; }; }; };0D7127A0D39BDCC374EF7314 = { SystemCapabilities = {com.apple.ApplicationGroups.iOS = { enabled = 0; }; com.apple.InAppPurchase = { enabled = 0; }; com.apple.InterAppAudio = { enabled = 0; }; com.apple.Push = { enabled = 0; }; com.apple.Sandbox = { enabled = 0; }; com.apple.HardenedRuntime = { enabled = 0; }; }; };8602A468E7B12948E68C9C1D = { SystemCapabilities = {com.apple.ApplicationGroups.iOS = { enabled = 0; }; com.apple.InAppPurchase = { enabled = 0; }; com.apple.InterAppAudio = { enabled = 0; }; com.apple.Push = { enabled = 0; }; com.apple.Sandbox = { enabled = 0; }; com.apple.HardenedRuntime = { enabled = 0; }; }; }; }; };
			compatibilityVersion = "Xcode 3.2";
			hasScannedForEncodings = 0;
			mainGroup = 2732F16EFEE3941D8B35B002;
			projectDirPath = "";
			projectRoot = "";
			targets = (09F0C0C01863318495B568D0, 4E4279A054C72969FD491E32, 3D2A871320FE4ABABF165A89, 0D7127A0D39BDCC374EF7314, 8602A468E7B12948E68C9C1D);
			knownRegions = (en, Base);
		};
	};
	rootObject = 0E9D8F31AF37E421793DF6D3;
}
